{
  "version": 1,
  "dependencies": {
    "net10.0": {
      "Avalonia.Headless.XUnit": {
        "type": "Direct",
        "requested": "[11.*, )",
        "resolved": "11.3.14",
        "contentHash": "vYJgNuiaRUjMHRSyR/yJRpcW3AMJMcmnOGAFnRz4Dk/9jsIEBDSMfEZOoRJ5qwNWLBmL2UIS35OosGSIbgpvcw==",
        "dependencies": {
          "Avalonia.Headless": "11.3.14",
          "xunit.core": "2.4.0"
        }
      },
      "coverlet.collector": {
        "type": "Direct",
        "requested": "[8.*, )",
        "resolved": "8.0.1",
        "contentHash": "heVQl5tKYnnIDYlR1QMVGueYH6iriZTcZB6AjDczQNwZzxkjDIt9C84Pt4cCiZYrbo7jkZOYGWbs6Lo9wAtVLg=="
      },
      "Microsoft.NET.Test.Sdk": {
        "type": "Direct",
        "requested": "[18.4.0, )",
        "resolved": "18.4.0",
        "contentHash": "w49iZdL4HL6V25l41NVQLXWQ+e71GvSkKVteMrOL02gP/PUkcnO/1yEb2s9FntU4wGmJWfKnyrRAhcMHd9ZZNA==",
        "dependencies": {
          "Microsoft.CodeCoverage": "18.4.0",
          "Microsoft.TestPlatform.TestHost": "18.4.0"
        }
      },
      "Moq": {
        "type": "Direct",
        "requested": "[4.*, )",
        "resolved": "4.20.72",
        "contentHash": "EA55cjyNn8eTNWrgrdZJH5QLFp2L43oxl1tlkoYUKIE9pRwL784OWiTXeCV5ApS+AMYEAlt7Fo03A2XfouvHmQ==",
        "dependencies": {
          "Castle.Core": "5.1.1"
        }
      },
      "xunit": {
        "type": "Direct",
        "requested": "[2.*, )",
        "resolved": "2.9.3",
        "contentHash": "TlXQBinK35LpOPKHAqbLY4xlEen9TBafjs0V5KnA4wZsoQLQJiirCR4CbIXvOH8NzkW4YeJKP5P/Bnrodm0h9Q==",
        "dependencies": {
          "xunit.analyzers": "1.18.0",
          "xunit.assert": "2.9.3",
          "xunit.core": "[2.9.3]"
        }
      },
      "xunit.runner.visualstudio": {
        "type": "Direct",
        "requested": "[3.1.5, )",
        "resolved": "3.1.5",
        "contentHash": "tKi7dSTwP4m5m9eXPM2Ime4Kn7xNf4x4zT9sdLO/G4hZVnQCRiMTWoSZqI/pYTVeI27oPPqHBKYI/DjJ9GsYgA=="
      },
      "AdaptiveCards": {
        "type": "Transitive",
        "resolved": "3.1.0",
        "contentHash": "b+sPwH0oyAflpgxCyNPMzH92xrQjWl6GuuEBv86/VhO6iHhiWv+PtwzqMS70nOXZQRzpl9YVHXAvn+dKot5IBQ==",
        "dependencies": {
          "Newtonsoft.Json": "13.0.3"
        }
      },
      "AsyncImageLoader.Avalonia": {
        "type": "Transitive",
        "resolved": "3.2.1",
        "contentHash": "m5q7mbGZ2s3gqQPYmzGQ4YjT/+CWAP1xHxWxuSSqbwdTVAZk86HYCHvrTCR6TxeXvkWafvTMuwJamooeEfeQQw==",
        "dependencies": {
          "Avalonia": "11.0.0"
        }
      },
      "Avalonia": {
        "type": "Transitive",
        "resolved": "11.3.14",
        "contentHash": "RcGp0iXRBqMrDRXOTUOn9OaUTx8NlukTdhuBmY9w5JmVreDtZRRErKwwiHPw+YjkbTHvhfFFNsu3Hhd+oJGIZQ==",
        "dependencies": {
          "Avalonia.BuildServices": "11.3.2",
          "Avalonia.Remote.Protocol": "11.3.14",
          "MicroCom.Runtime": "0.11.0"
        }
      },
      "Avalonia.Angle.Windows.Natives": {
        "type": "Transitive",
        "resolved": "2.1.25547.20250602",
        "contentHash": "ZL0VLc4s9rvNNFt19Pxm5UNAkmKNylugAwJPX9ulXZ6JWs/l6XZihPWWTyezaoNOVyEPU8YbURtW7XMAtqXH5A=="
      },
      "Avalonia.BuildServices": {
        "type": "Transitive",
        "resolved": "11.3.2",
        "contentHash": "qHDToxto1e3hci5YqbG9n0Ty8mlp3zBUN5wT66wKqaDVzXyQ0do3EnRILd4Ke9jpvsktaPpgE0YjEk7hornryQ=="
      },
      "Avalonia.Controls.ColorPicker": {
        "type": "Transitive",
        "resolved": "11.3.14",
        "contentHash": "weDk+0kMo5kOcukRH/eIiHvkeG+/LrfHwSl2XvGjSN6S610Syg3o8SF3gjAWHV0OpeD1BdlnrCX6idU6qigm5g==",
        "dependencies": {
          "Avalonia": "11.3.14",
          "Avalonia.Remote.Protocol": "11.3.14"
        }
      },
      "Avalonia.Controls.DataGrid": {
        "type": "Transitive",
        "resolved": "11.0.0",
        "contentHash": "bUEsP11CPoI0BtMW9c0MP9zqTHePSGpYIYM7dndD9+bUEHZfhD7Af8Uw/+GeBbmRu1tm4xLGefcq0O9zmEKrqA==",
        "dependencies": {
          "Avalonia": "11.0.0",
          "Avalonia.Remote.Protocol": "11.0.0"
        }
      },
      "Avalonia.Controls.ItemsRepeater": {
        "type": "Transitive",
        "resolved": "11.0.0",
        "contentHash": "5H1X+UUMUOrECli+BSrDCc38doYABRUy54mRCGeFBtGqGtnwz+Mx1aj7rDsXGzzItxS4QDSfQTQJsRVpRC9grA==",
        "dependencies": {
          "Avalonia": "11.0.0"
        }
      },
      "Avalonia.Desktop": {
        "type": "Transitive",
        "resolved": "11.3.14",
        "contentHash": "7IiTMWsFib1foIEagcaTtsjWa6VA/iAbNjHpM4aSF8sfwPPj1HRj7qEySrINqlJDK2WYVM/IL5S8bHWs+KKX1Q==",
        "dependencies": {
          "Avalonia": "11.3.14",
          "Avalonia.Native": "11.3.14",
          "Avalonia.Skia": "11.3.14",
          "Avalonia.Win32": "11.3.14",
          "Avalonia.X11": "11.3.14"
        }
      },
      "Avalonia.Diagnostics": {
        "type": "Transitive",
        "resolved": "11.3.14",
        "contentHash": "AGItOFZ5FU+nv30UjffC0/TQvuFqzvjOsgRVBD70pmcA14VV/lKo2mVDJNYupf4lJIPdopo1Vq7jaX+8z8UE2w==",
        "dependencies": {
          "Avalonia": "11.3.14",
          "Avalonia.Controls.ColorPicker": "11.3.14",
          "Avalonia.Themes.Simple": "11.3.14"
        }
      },
      "Avalonia.Fonts.Inter": {
        "type": "Transitive",
        "resolved": "11.3.14",
        "contentHash": "cKF53h6FPqbdMFOqaqNnEsUVWVsEQbjohcEmmzaGmfT/Pr4O3Xm2eStqzzQmB4X3UesW4jIgIMBwf/Yoox8arg==",
        "dependencies": {
          "Avalonia": "11.3.14"
        }
      },
      "Avalonia.FreeDesktop": {
        "type": "Transitive",
        "resolved": "11.3.14",
        "contentHash": "qp1UH0A8/C0Dwka6575PkTuJro9BtjEmgvfr70UEkv3e6S0FYotz4BPPgWLeM/svltrEdft2VO1FjSA4q3nFPA==",
        "dependencies": {
          "Avalonia": "11.3.14",
          "Tmds.DBus.Protocol": "0.21.3"
        }
      },
      "Avalonia.Headless": {
        "type": "Transitive",
        "resolved": "11.3.14",
        "contentHash": "6UzWJmk47XKutVmKZL6ZpFIxhs4Lb5mjfT9R9u4GXDrNDMC4C2YZR3CLR/A1J0yCwOJQJh04ISE59/jqc2U7ZA==",
        "dependencies": {
          "Avalonia": "11.3.14"
        }
      },
      "Avalonia.Markup.Xaml.Loader": {
        "type": "Transitive",
        "resolved": "11.1.1",
        "contentHash": "K3WldD+LQhfqPhgRk25DkdL3hV676bqkXCq2dxxOES/ZtTX+dQR6MO9Hbk1t9FLOKIgpN57mkO3/mI7COGbipw==",
        "dependencies": {
          "Avalonia": "11.1.1"
        }
      },
      "Avalonia.Native": {
        "type": "Transitive",
        "resolved": "11.3.14",
        "contentHash": "9ocWL83dAtB8W5dWXl6PIpf303Ri1o1JIDRo5Q9ZewIS/caKL2cgElrTSArc+4UrElCMluGbKHQC5P+YlF2fnQ==",
        "dependencies": {
          "Avalonia": "11.3.14"
        }
      },
      "Avalonia.ReactiveUI": {
        "type": "Transitive",
        "resolved": "11.1.1",
        "contentHash": "/X+g+3V8JB9P0xyLBLNSj3X0CQ0q7Nlq/xWtcChMa8FvDdPC4TwRv+p/rjSt6iPxRJoXh9SBVaQe6Uk4IKXe6Q==",
        "dependencies": {
          "Avalonia": "11.1.1",
          "ReactiveUI": "18.3.1",
          "System.Reactive": "5.0.0"
        }
      },
      "Avalonia.Remote.Protocol": {
        "type": "Transitive",
        "resolved": "11.3.14",
        "contentHash": "P4QPwf9VQt4CjntmfGo8uL+S1RaVbTlcFgECSFIWN3AWc/IbKs76tbZ6ibpdFg1C+IKubBPQ+hUeUq7MrBIWDA=="
      },
      "Avalonia.Skia": {
        "type": "Transitive",
        "resolved": "11.3.14",
        "contentHash": "ksUk0PRTSjzYajk3aFpGvg+LotLe/pZj1K7B0b8As2ssDxFXFDPUnRvRZmw7f6jBBcfsYI6/LlFJZ93T8YAI2w==",
        "dependencies": {
          "Avalonia": "11.3.14",
          "HarfBuzzSharp": "8.3.1.1",
          "HarfBuzzSharp.NativeAssets.Linux": "8.3.1.1",
          "HarfBuzzSharp.NativeAssets.WebAssembly": "8.3.1.1",
          "SkiaSharp": "2.88.9",
          "SkiaSharp.NativeAssets.Linux": "2.88.9",
          "SkiaSharp.NativeAssets.WebAssembly": "2.88.9"
        }
      },
      "Avalonia.Svg": {
        "type": "Transitive",
        "resolved": "11.1.0",
        "contentHash": "zvjccY9IhEZTaC/sx8zfdU1PVtiVI8PVPt9QTYzaKyrNR+QY82aIy1f3x50CG9jyNCmBtRycd4ZZn0qDn19k+A==",
        "dependencies": {
          "Avalonia": "11.1.0",
          "Svg.Model": "2.0.0"
        }
      },
      "Avalonia.Themes.Fluent": {
        "type": "Transitive",
        "resolved": "11.3.14",
        "contentHash": "meVY25MJjBkAmZd4GJGOrpiqSgbEyTeFXjR9SF8aaZsq9BXDaiZz61+Ivvu7bEta12hmnx8AaVnOSdKo/qkT9g==",
        "dependencies": {
          "Avalonia": "11.3.14"
        }
      },
      "Avalonia.Themes.Simple": {
        "type": "Transitive",
        "resolved": "11.3.14",
        "contentHash": "Mqs6SmyXBJOrIj+Hf4YnhqsqEGPdvS0XZ+SNNwaYD+17P9UY/JVxztG49UJQnBT58cWovuy9omL0CVCQKhQuTw==",
        "dependencies": {
          "Avalonia": "11.3.14"
        }
      },
      "Avalonia.Win32": {
        "type": "Transitive",
        "resolved": "11.3.14",
        "contentHash": "jmJkqMfPKSvftkvc0m1YvbbBG42aKq4gPYpHZvpfVHrQ4m/Ln5sF67hUzhbK6qJ2E9Yr2ZJtuvCaTH/EHRW36g==",
        "dependencies": {
          "Avalonia": "11.3.14",
          "Avalonia.Angle.Windows.Natives": "2.1.25547.20250602"
        }
      },
      "Avalonia.X11": {
        "type": "Transitive",
        "resolved": "11.3.14",
        "contentHash": "QFyiQof5vCHo+KY3y+NsmUhM/dsvUVaipDW3zwF6sK7zpdefy/OZQxtuEVjjWyyVuEmua0gyXEaVWbOUu0AgsA==",
        "dependencies": {
          "Avalonia": "11.3.14",
          "Avalonia.FreeDesktop": "11.3.14",
          "Avalonia.Skia": "11.3.14"
        }
      },
      "Azure.Core": {
        "type": "Transitive",
        "resolved": "1.44.1",
        "contentHash": "YyznXLQZCregzHvioip07/BkzjuWNXogJEVz9T5W6TwjNr17ax41YGzYMptlo2G10oLCuVPoyva62y0SIRDixg==",
        "dependencies": {
          "Microsoft.Bcl.AsyncInterfaces": "6.0.0",
          "System.ClientModel": "1.1.0",
          "System.Memory.Data": "6.0.0"
        }
      },
      "Castle.Core": {
        "type": "Transitive",
        "resolved": "5.1.1",
        "contentHash": "rpYtIczkzGpf+EkZgDr9CClTdemhsrwA/W5hMoPjLkRFnXzH44zDLoovXeKtmxb1ykXK9aJVODSpiJml8CTw2g==",
        "dependencies": {
          "System.Diagnostics.EventLog": "6.0.0"
        }
      },
      "CSharpFunctionalExtensions": {
        "type": "Transitive",
        "resolved": "2.40.3",
        "contentHash": "G+t+bf39aixVFN3O3Q5LoE0zy3o8QlV3mv3ATw76XwDRWkE9eFRLzZdx9HH9fgbPpasfP4kr8cnnXIP+Z7GcrQ=="
      },
      "DynamicData": {
        "type": "Transitive",
        "resolved": "7.9.5",
        "contentHash": "xFwVha7o3qUtVYxco5p+7Urcztc/m1gmaEUxOG0i7LNe+vfCfyb0ECAsT2FLm3zOPHb0g8s9qVu5LfPKfRNVng==",
        "dependencies": {
          "System.Reactive": "5.0.0"
        }
      },
      "ExCSS": {
        "type": "Transitive",
        "resolved": "4.2.3",
        "contentHash": "SyeAfu2wL5247sipJoPUzQfjiwQtfSd8hN4IbgoyVcDx4PP6Dud4znwPRibWQzLtTlUxYYcbf5f4p+EfFC7KtQ=="
      },
      "FluentAvaloniaUI": {
        "type": "Transitive",
        "resolved": "2.0.0",
        "contentHash": "JKFJe/RUDeqfP6ZrUsHpIpFbo3pJ89X4z28SZCFEN9UQ4VSHyDtTg7j3TELLK086Hb9IioMzMsIBN60oruXz0Q==",
        "dependencies": {
          "Avalonia": "11.0.0",
          "Avalonia.Controls.ColorPicker": "11.0.0",
          "Avalonia.Controls.DataGrid": "11.0.0",
          "Avalonia.Controls.ItemsRepeater": "11.0.0",
          "Avalonia.Skia": "11.0.0",
          "MicroCom.CodeGenerator.MSBuild": "0.11.0",
          "MicroCom.Runtime": "0.11.0"
        }
      },
      "FluentIcons.Avalonia": {
        "type": "Transitive",
        "resolved": "1.1.223",
        "contentHash": "HGnlhdc4z7yMJiQERTSuVHPNMObJwfxnXjQb9E6nqm4bxmLR+XJbHXHopdfK4gu3Ymtq0kPwdTlNq+kRkpA2UQ==",
        "dependencies": {
          "Avalonia": "11.0.0",
          "FluentIcons.Common": "[1.1.223]"
        }
      },
      "FluentIcons.Avalonia.Fluent": {
        "type": "Transitive",
        "resolved": "2.0.325",
        "contentHash": "sPR7HU80w852I/lyQ+ZTNwy4vqrT6Xm0SromOatzitaB+BZSo6O/WEjlNLNZNp9/QTAAwbY0OxrNDllaJPWrWQ==",
        "dependencies": {
          "FluentAvaloniaUI": "2.0.0",
          "FluentIcons.Common": "[2.1.325]",
          "FluentIcons.Resources.Avalonia": "[2.0.325]"
        }
      },
      "FluentIcons.Common": {
        "type": "Transitive",
        "resolved": "2.1.325",
        "contentHash": "aM9/X5pYZ+QTR+7E8M13nHQlLVQrUFav2WVB3Y1RnTu3/S4fN4ElvmdkUJ6/7krwtJE/2g8bbHZ1AscM2DBvxw=="
      },
      "FluentIcons.Resources.Avalonia": {
        "type": "Transitive",
        "resolved": "2.0.325",
        "contentHash": "nXpgWLLwlzcoA1RgRcKOjUr/HywlPdiRU0HcWblj8DQsF8w+Mt0v+M6Q6yzq3eUC7o+qcaVjQphnDkFm24088A==",
        "dependencies": {
          "Avalonia": "11.0.0",
          "FluentIcons.Common": "[2.1.325]"
        }
      },
      "HarfBuzzSharp": {
        "type": "Transitive",
        "resolved": "8.3.1.1",
        "contentHash": "tLZN66oe/uiRPTZfrCU4i8ScVGwqHNh5MHrXj0yVf4l7Mz0FhTGnQ71RGySROTmdognAs0JtluHkL41pIabWuQ==",
        "dependencies": {
          "HarfBuzzSharp.NativeAssets.Win32": "8.3.1.1",
          "HarfBuzzSharp.NativeAssets.macOS": "8.3.1.1"
        }
      },
      "HarfBuzzSharp.NativeAssets.Linux": {
        "type": "Transitive",
        "resolved": "8.3.1.1",
        "contentHash": "3EZ1mpIiKWRLL5hUYA82ZHteeDIVaEA/Z0rA/wU6tjx6crcAkJnBPwDXZugBSfo8+J3EznvRJf49uMsqYfKrHg=="
      },
      "HarfBuzzSharp.NativeAssets.macOS": {
        "type": "Transitive",
        "resolved": "8.3.1.1",
        "contentHash": "jbtCsgftcaFLCA13tVKo5iWdElJScrulLTKJre36O4YQTIlwDtPPqhRZNk+Y0vv4D1gxbscasGRucUDfS44ofQ=="
      },
      "HarfBuzzSharp.NativeAssets.WebAssembly": {
        "type": "Transitive",
        "resolved": "8.3.1.1",
        "contentHash": "loJweK2u/mH/3C2zBa0ggJlITIszOkK64HLAZB7FUT670dTg965whLFYHDQo69NmC4+d9UN0icLC9VHidXaVCA=="
      },
      "HarfBuzzSharp.NativeAssets.Win32": {
        "type": "Transitive",
        "resolved": "8.3.1.1",
        "contentHash": "UsJtQsfAJoFDZrXc4hCUfRPMqccfKZ0iumJ/upcUjz/cmsTgVFGNEL5yaJWmkqsuFYdMWbj/En5/kS4PFl9hBA=="
      },
      "Iciclecreek.AdaptiveCards.Rendering.Avalonia": {
        "type": "Transitive",
        "resolved": "1.0.4",
        "contentHash": "+gUZl19N9T1thgpLxjtbm9z4P+erXUJZCfH/n65EpPrpK/VITFkCHQUIJSBwSG5oahQdjLfOxOIYqlkiffZk5w==",
        "dependencies": {
          "AdaptiveCards": "3.1.0",
          "AsyncImageLoader.Avalonia": "3.2.1",
          "Avalonia": "11.1.1",
          "Avalonia.Markup.Xaml.Loader": "11.1.1",
          "Avalonia.ReactiveUI": "11.1.1",
          "Avalonia.Svg": "11.1.0",
          "Iciclecreek.Avalonia.Controls.Media": "1.0.5",
          "SkiaSharp.Svg": "1.60.0"
        }
      },
      "Iciclecreek.Avalonia.Controls.Media": {
        "type": "Transitive",
        "resolved": "1.0.5",
        "contentHash": "lv2tftVDHcc54KzZAaswfWD3kjHla5JL/+JBr3EkW08/z+RcuFDATaFaNJrPLzdpfN8gtHYgvDy8D8+b3COAxA==",
        "dependencies": {
          "Avalonia": "11.0.5",
          "Avalonia.ReactiveUI": "11.0.5",
          "CSharpFunctionalExtensions": "2.40.3",
          "FluentIcons.Avalonia": "1.1.223",
          "LibVLCSharp": "3.8.2"
        }
      },
      "LibVLCSharp": {
        "type": "Transitive",
        "resolved": "3.8.2",
        "contentHash": "P61Pkc+2GgX9PGJmm0MTVYKh0zPbak25rkyb5MU8Vq7x/VgFV/0h3L2bP7H4Oz5sfmm03H8T010cqEKQVA4Jew=="
      },
      "Meziantou.Framework.Win32.CredentialManager": {
        "type": "Transitive",
        "resolved": "1.7.18",
        "contentHash": "+rcvMXmecrTzKEVxLZdi64U2ghOdzj3MfZF5/HjYWixXyWK5pTDFne1SwnXEHCi8Jwgza8aUHiY0B0NsQlTsDg=="
      },
      "MicroCom.CodeGenerator.MSBuild": {
        "type": "Transitive",
        "resolved": "0.11.0",
        "contentHash": "CiRuIIvycn7RqT7p72+JdJsw1/No/1nc0Vs45Qkbvkn/uryWU57dGAUaqy9p2trRDvbsRBdQgF1hWLNUpgUSQw=="
      },
      "MicroCom.Runtime": {
        "type": "Transitive",
        "resolved": "0.11.0",
        "contentHash": "MEnrZ3UIiH40hjzMDsxrTyi8dtqB5ziv3iBeeU4bXsL/7NLSal9F1lZKpK+tfBRnUoDSdtcW3KufE4yhATOMCA=="
      },
      "Microsoft.Bcl.AsyncInterfaces": {
        "type": "Transitive",
        "resolved": "6.0.0",
        "contentHash": "UcSjPsst+DfAdJGVDsu346FX0ci0ah+lw3WRtn18NUwEqRt70HaOQ7lI72vy3+1LxtqI3T5GWwV39rQSrCzAeg=="
      },
      "Microsoft.CodeCoverage": {
        "type": "Transitive",
        "resolved": "18.4.0",
        "contentHash": "9O0BtCfzCWrkAmK187ugKdq72HHOXoOUjuWFDVc2LsZZ0pOnA9bTt+Sg9q4cF+MoAaUU+MuWtvBuFsnduviJow=="
      },
      "Microsoft.CognitiveServices.Speech": {
        "type": "Transitive",
        "resolved": "1.49.1",
        "contentHash": "3DxbTf7brlbyzDTp4zexvhykkMURZs8psFpewLfTfOnJL8WTKLWqlyjoGvQchM/PZxHI02AvyGRbVWLBkRNSZQ==",
        "dependencies": {
          "Azure.Core": "1.44.1"
        }
      },
      "Microsoft.DotNet.PlatformAbstractions": {
        "type": "Transitive",
        "resolved": "3.1.6",
        "contentHash": "jek4XYaQ/PGUwDKKhwR8K47Uh1189PFzMeLqO83mXrXQVIpARZCcfuDedH50YDTepBkfijCZN5U/vZi++erxtg=="
      },
      "Microsoft.Extensions.Configuration": {
        "type": "Transitive",
        "resolved": "10.0.5",
        "contentHash": "8Rx5sqg04FttxrumyG6bmoRuFRgYzK6IVwF1i0/o0cXfKBdDeVpJejKHtJCMjyg9E/DNMVqpqOGe/tCT5gYvVA==",
        "dependencies": {
          "Microsoft.Extensions.Configuration.Abstractions": "10.0.5",
          "Microsoft.Extensions.Primitives": "10.0.5"
        }
      },
      "Microsoft.Extensions.Configuration.Abstractions": {
        "type": "Transitive",
        "resolved": "10.0.5",
        "contentHash": "P09QpTHjqHmCLQOTC+WyLkoRNxek4NIvfWt+TnU0etoDUSRxcltyd6+j/ouRbMdLR0j44GqGO+lhI2M4fAHG4g==",
        "dependencies": {
          "Microsoft.Extensions.Primitives": "10.0.5"
        }
      },
      "Microsoft.Extensions.Configuration.Binder": {
        "type": "Transitive",
        "resolved": "10.0.5",
        "contentHash": "99Z4rjyXopb1MIazDSPcvwYCUdYNO01Cf1GUs2WUjIFAbkGmwzj2vPa2k+3pheJRV+YgNd2QqRKHAri0oBAU4Q==",
        "dependencies": {
          "Microsoft.Extensions.Configuration": "10.0.5",
          "Microsoft.Extensions.Configuration.Abstractions": "10.0.5"
        }
      },
      "Microsoft.Extensions.Configuration.FileExtensions": {
        "type": "Transitive",
        "resolved": "10.0.5",
        "contentHash": "OhTr0O79dP49734lLTqVveivVX9sDXxbI/8vjELAZTHXqoN90mdpgTAgwicJED42iaHMCcZcK6Bj+8wNyBikaw==",
        "dependencies": {
          "Microsoft.Extensions.Configuration": "10.0.5",
          "Microsoft.Extensions.Configuration.Abstractions": "10.0.5",
          "Microsoft.Extensions.FileProviders.Abstractions": "10.0.5",
          "Microsoft.Extensions.FileProviders.Physical": "10.0.5",
          "Microsoft.Extensions.Primitives": "10.0.5"
        }
      },
      "Microsoft.Extensions.Configuration.Json": {
        "type": "Transitive",
        "resolved": "10.0.5",
        "contentHash": "brBM/WP0YAUYh2+QqSYVdK8eQHYQTtTEUJXJ+84Zkdo2buGLja9VSrMIhgoeBUU7JBmcskAib8Lb/N83bvxgYQ==",
        "dependencies": {
          "Microsoft.Extensions.Configuration": "10.0.5",
          "Microsoft.Extensions.Configuration.Abstractions": "10.0.5",
          "Microsoft.Extensions.Configuration.FileExtensions": "10.0.5",
          "Microsoft.Extensions.FileProviders.Abstractions": "10.0.5"
        }
      },
      "Microsoft.Extensions.DependencyInjection": {
        "type": "Transitive",
        "resolved": "10.0.5",
        "contentHash": "v1SVsowG6YE1YnHVGmLWz57YTRCQRx9pH5ebIESXfm5isI9gA3QaMyg/oMTzPpXYZwSAVDzYItGJKfmV+pqXkQ==",
        "dependencies": {
          "Microsoft.Extensions.DependencyInjection.Abstractions": "10.0.5"
        }
      },
      "Microsoft.Extensions.DependencyInjection.Abstractions": {
        "type": "Transitive",
        "resolved": "10.0.5",
        "contentHash": "iVMtq9eRvzyhx8949EGT0OCYJfXi737SbRVzWXE5GrOgGj5AaZ9eUuxA/BSUfmOMALKn/g8KfFaNQw0eiB3lyA=="
      },
      "Microsoft.Extensions.DependencyModel": {
        "type": "Transitive",
        "resolved": "9.0.9",
        "contentHash": "fNGvKct2De8ghm0Bpfq0iWthtzIWabgOTi+gJhNOPhNJIowXNEUE2eZNW/zNCzrHVA3PXg2yZ+3cWZndC2IqYA=="
      },
      "Microsoft.Extensions.FileProviders.Abstractions": {
        "type": "Transitive",
        "resolved": "10.0.5",
        "contentHash": "nCBmCx0Xemlu65ZiWMcXbvfvtznKxf4/YYKF9R28QkqdI9lTikedGqzJ28/xmdGGsxUnsP5/3TQGpiPwVjK0dA==",
        "dependencies": {
          "Microsoft.Extensions.Primitives": "10.0.5"
        }
      },
      "Microsoft.Extensions.FileProviders.Physical": {
        "type": "Transitive",
        "resolved": "10.0.5",
        "contentHash": "dMu5kUPSfol1Rqhmr6nWPSmbFjDe9w6bkoKithG17bWTZA0UyKirTatM5mqYUN3mGpNA0MorlusIoVTh6J7o5g==",
        "dependencies": {
          "Microsoft.Extensions.FileProviders.Abstractions": "10.0.5",
          "Microsoft.Extensions.FileSystemGlobbing": "10.0.5",
          "Microsoft.Extensions.Primitives": "10.0.5"
        }
      },
      "Microsoft.Extensions.FileSystemGlobbing": {
        "type": "Transitive",
        "resolved": "10.0.5",
        "contentHash": "mOE3ARusNQR0a5x8YOcnUbfyyXGqoAWQtEc7qFOfNJgruDWQLo39Re+3/Lzj5pLPFuFYj8hN4dgKzaSQDKiOCw=="
      },
      "Microsoft.Extensions.Logging": {
        "type": "Transitive",
        "resolved": "10.0.5",
        "contentHash": "+XTMKQyDWg4ODoNHU/BN3BaI1jhGO7VCS+BnzT/4IauiG6y2iPAte7MyD7rHKS+hNP0TkFkjrae8DFjDUxtcxg==",
        "dependencies": {
          "Microsoft.Extensions.DependencyInjection": "10.0.5",
          "Microsoft.Extensions.Logging.Abstractions": "10.0.5",
          "Microsoft.Extensions.Options": "10.0.5"
        }
      },
      "Microsoft.Extensions.Logging.Abstractions": {
        "type": "Transitive",
        "resolved": "10.0.5",
        "contentHash": "9HOdqlDtPptVcmKAjsQ/Nr5Rxfq6FMYLdhvZh1lVmeKR738qeYecQD7+ldooXf+u2KzzR1kafSphWngIM3C6ug==",
        "dependencies": {
          "Microsoft.Extensions.DependencyInjection.Abstractions": "10.0.5"
        }
      },
      "Microsoft.Extensions.Logging.Configuration": {
        "type": "Transitive",
        "resolved": "10.0.5",
        "contentHash": "cSgxsDgfP0+gmVRPVoNHI/KIDavIZxh+CxE6tSLPlYTogqccDnjBFI9CgEsiNuMP6+fiuXUwhhlTz36uUEpwbQ==",
        "dependencies": {
          "Microsoft.Extensions.Configuration": "10.0.5",
          "Microsoft.Extensions.Configuration.Abstractions": "10.0.5",
          "Microsoft.Extensions.Configuration.Binder": "10.0.5",
          "Microsoft.Extensions.DependencyInjection.Abstractions": "10.0.5",
          "Microsoft.Extensions.Logging": "10.0.5",
          "Microsoft.Extensions.Logging.Abstractions": "10.0.5",
          "Microsoft.Extensions.Options": "10.0.5",
          "Microsoft.Extensions.Options.ConfigurationExtensions": "10.0.5"
        }
      },
      "Microsoft.Extensions.Logging.Console": {
        "type": "Transitive",
        "resolved": "10.0.5",
        "contentHash": "PMs2gha2v24hvH5o5KQem5aNK4mN0BhhCWlMqsg9tzifWKzjeQi2tyPOP/RaWMVvalOhVLcrmoMYPqbnia/epg==",
        "dependencies": {
          "Microsoft.Extensions.DependencyInjection.Abstractions": "10.0.5",
          "Microsoft.Extensions.Logging": "10.0.5",
          "Microsoft.Extensions.Logging.Abstractions": "10.0.5",
          "Microsoft.Extensions.Logging.Configuration": "10.0.5",
          "Microsoft.Extensions.Options": "10.0.5"
        }
      },
      "Microsoft.Extensions.Options": {
        "type": "Transitive",
        "resolved": "10.0.5",
        "contentHash": "MDaQMdUplw0AIRhWWmbLA7yQEXaLIHb+9CTroTiNS8OlI0LMXS4LCxtopqauiqGCWlRgJ+xyraVD8t6veRAFbw==",
        "dependencies": {
          "Microsoft.Extensions.DependencyInjection.Abstractions": "10.0.5",
          "Microsoft.Extensions.Primitives": "10.0.5"
        }
      },
      "Microsoft.Extensions.Options.ConfigurationExtensions": {
        "type": "Transitive",
        "resolved": "10.0.5",
        "contentHash": "BB9uUW3+6Rxu1R97OB1H/13lUF8P2+H1+eDhpZlK30kDh/6E4EKHBUqTp+ilXQmZLzsRErxON8aBSR6WpUKJdg==",
        "dependencies": {
          "Microsoft.Extensions.Configuration.Abstractions": "10.0.5",
          "Microsoft.Extensions.Configuration.Binder": "10.0.5",
          "Microsoft.Extensions.DependencyInjection.Abstractions": "10.0.5",
          "Microsoft.Extensions.Options": "10.0.5",
          "Microsoft.Extensions.Primitives": "10.0.5"
        }
      },
      "Microsoft.Extensions.Primitives": {
        "type": "Transitive",
        "resolved": "10.0.5",
        "contentHash": "/HUHJ0tw/LQvD0DZrz50eQy/3z7PfX7WWEaXnjKTV9/TNdcgFlNTZGo49QhS7PTmhDqMyHRMqAXSBxLh0vso4g=="
      },
      "Microsoft.TestPlatform.ObjectModel": {
        "type": "Transitive",
        "resolved": "18.4.0",
        "contentHash": "4L6m2kS2pY5uJ9cpeRxzW22opr6ttScIRqsOpMDQpgENp/ZwxkkQCcmc6LRSURo2dFaaSW5KVflQZvroiJ7Wzg=="
      },
      "Microsoft.TestPlatform.TestHost": {
        "type": "Transitive",
        "resolved": "18.4.0",
        "contentHash": "gZsCHI+zOmZCcKZieIL4Jg14qKD2OGZOmX5DehuIk1EA9BN6Crm0+taXQNEuajOH1G9CCyBxw8VWR4t5tumcng==",
        "dependencies": {
          "Microsoft.TestPlatform.ObjectModel": "18.4.0",
          "Newtonsoft.Json": "13.0.3"
        }
      },
      "NAudio": {
        "type": "Transitive",
        "resolved": "2.3.0",
        "contentHash": "xN+Lzlu9DmXqBiL6XkP0VZmgTxZPdSGjVSWtKG9HKuar3LhIYNOIYQETieigS+QDS+nrs1QmHbBWWOru0nWA5A==",
        "dependencies": {
          "NAudio.Asio": "2.3.0",
          "NAudio.Core": "2.3.0",
          "NAudio.Midi": "2.3.0",
          "NAudio.Wasapi": "2.3.0",
          "NAudio.WinMM": "2.3.0"
        }
      },
      "NAudio.Asio": {
        "type": "Transitive",
        "resolved": "2.3.0",
        "contentHash": "I+rAAPT8vmSEw4d4ie+AoSkrvNK6ylRrXznnjQKS+qZgTA9Jnt1Pxe0EaU8nXxOOq5h8ucBSWccBEw6I/J0nkQ==",
        "dependencies": {
          "NAudio.Core": "2.3.0"
        }
      },
      "NAudio.Core": {
        "type": "Transitive",
        "resolved": "2.3.0",
        "contentHash": "jMd7r6dB6tAtXhOYL58ntPqwERNm1/Rhw5MKOIYvsnXzuX+PTGsa2VMam6n0npZYSwlSidKa4GAm4bFcXFUlcg=="
      },
      "NAudio.Midi": {
        "type": "Transitive",
        "resolved": "2.3.0",
        "contentHash": "t8wvPFPHHQOHhoNMCaDE8OiYZoJuxmY4H6UPBtmnf+xx7oQuajFCqlG4Q00ID+tiEyj471WeVb4Nkylr4tDoow==",
        "dependencies": {
          "NAudio.Core": "2.3.0"
        }
      },
      "NAudio.Wasapi": {
        "type": "Transitive",
        "resolved": "2.3.0",
        "contentHash": "y5K2BxrLnvohgu5znzg5wRsai3YcuNXfrpo68i7PmCQqpK5MC/R24e5aO3OyN/XhfRr12e0QYV0OnUWEHi5SzA==",
        "dependencies": {
          "NAudio.Core": "2.3.0"
        }
      },
      "NAudio.WinMM": {
        "type": "Transitive",
        "resolved": "2.3.0",
        "contentHash": "5G1dRjsZm50T3luyuqcmI2BSvj3K4ZJaD/x776/0Epj88qOsOryDZG40+MufwIk1UFJSFWhRobBqtJYFc8Ss4g==",
        "dependencies": {
          "NAudio.Core": "2.3.0"
        }
      },
      "Newtonsoft.Json": {
        "type": "Transitive",
        "resolved": "13.0.3",
        "contentHash": "HrC5BXdl00IP9zeV+0Z848QWPAoCr9P3bDEZguI+gkLcBKAOxix/tLEAAHC+UvDNPv4a2d18lOReHMOagPa+zQ=="
      },
      "PiperSharp": {
        "type": "Transitive",
        "resolved": "1.0.6",
        "contentHash": "g68TbampKc0ATx80nur6LHHrhIpXvmioIVuwAuWKcjTXTB2tf+Klk4JPwzWZRo+DRSR4kS370eh+davEQVR0cw==",
        "dependencies": {
          "NAudio": "2.2.1",
          "NAudio.Core": "2.2.1",
          "Newtonsoft.Json": "13.0.1",
          "SharpCompress": "0.36.0"
        }
      },
      "ReactiveUI": {
        "type": "Transitive",
        "resolved": "18.3.1",
        "contentHash": "0tclGtjrRPfA2gbjiM7O3DeNmo6/TpDn7CMN6jgzDrbgrnysM7oEzjGEeXbtXaOxH6kEf6RiMKWobZoSgbBXhQ==",
        "dependencies": {
          "DynamicData": "7.9.5",
          "Splat": "14.4.1"
        }
      },
      "SharpCompress": {
        "type": "Transitive",
        "resolved": "0.36.0",
        "contentHash": "48am//T6Ou+GmyPmBaxaFN1ym0VNidRcBeANr9+OYTzpKRz8QMGzAkHVkCV30lFQ/gnWqGr50AuebahpG1C6xA==",
        "dependencies": {
          "ZstdSharp.Port": "0.7.4"
        }
      },
      "ShimSkiaSharp": {
        "type": "Transitive",
        "resolved": "2.0.0",
        "contentHash": "J+nzTe97Q19rzbCbTA8r6l1T89JP+XjMhaAOEHoE9FG7RiI/OkCuBY5JPlzNZoUYFXG3fBwlTMetPMkSCV8Kmw=="
      },
      "Silk.NET.Core": {
        "type": "Transitive",
        "resolved": "2.23.0",
        "contentHash": "D7AT/nnwlB+4RZ84XY8QNGBZMJI5z9l4CSSETIJ1wCfRJzRt/341y3MRZ4HbnFz4r/IGaWOEZr86iE+0/65yyQ==",
        "dependencies": {
          "Microsoft.DotNet.PlatformAbstractions": "3.1.6",
          "Microsoft.Extensions.DependencyModel": "9.0.9"
        }
      },
      "Silk.NET.Maths": {
        "type": "Transitive",
        "resolved": "2.23.0",
        "contentHash": "r8PdIVzME8EH0qAgbmRPO87I4GfgR2j8TofT7EMuRJDf1QluoQwnVypDoFJjQ2ZBSRsGYk5unYxxogI05Ogsmw=="
      },
      "Silk.NET.SDL": {
        "type": "Transitive",
        "resolved": "2.23.0",
        "contentHash": "M9HAplL9/BUAP1IWlxPq+5xWDgXcMqQNXiqFi9elbUBQPaS8TW35lMsB95/lPT5uIi+Y83OpEozJlgkp2goKjg==",
        "dependencies": {
          "Silk.NET.Core": "2.23.0",
          "Silk.NET.Maths": "2.23.0",
          "Ultz.Native.SDL": "2.32.10"
        }
      },
      "SkiaSharp": {
        "type": "Transitive",
        "resolved": "2.88.9",
        "contentHash": "3MD5VHjXXieSHCleRLuaTXmL2pD0mB7CcOB1x2kA1I4bhptf4e3R27iM93264ZYuAq6mkUyX5XbcxnZvMJYc1Q==",
        "dependencies": {
          "SkiaSharp.NativeAssets.Win32": "2.88.9",
          "SkiaSharp.NativeAssets.macOS": "2.88.9"
        }
      },
      "SkiaSharp.NativeAssets.Linux": {
        "type": "Transitive",
        "resolved": "2.88.9",
        "contentHash": "cWSaJKVPWAaT/WIn9c8T5uT/l4ETwHxNJTkEOtNKjphNo8AW6TF9O32aRkxqw3l8GUdUo66Bu7EiqtFh/XG0Zg==",
        "dependencies": {
          "SkiaSharp": "2.88.9"
        }
      },
      "SkiaSharp.NativeAssets.macOS": {
        "type": "Transitive",
        "resolved": "2.88.9",
        "contentHash": "Nv5spmKc4505Ep7oUoJ5vp3KweFpeNqxpyGDWyeEPTX2uR6S6syXIm3gj75dM0YJz7NPvcix48mR5laqs8dPuA=="
      },
      "SkiaSharp.NativeAssets.WebAssembly": {
        "type": "Transitive",
        "resolved": "2.88.9",
        "contentHash": "kt06RccBHSnAs2wDYdBSfsjIDbY3EpsOVqnlDgKdgvyuRA8ZFDaHRdWNx1VHjGgYzmnFCGiTJBnXFl5BqGwGnA=="
      },
      "SkiaSharp.NativeAssets.Win32": {
        "type": "Transitive",
        "resolved": "2.88.9",
        "contentHash": "wb2kYgU7iy84nQLYZwMeJXixvK++GoIuECjU4ECaUKNuflyRlJKyiRhN1MAHswvlvzuvkrjRWlK0Za6+kYQK7w=="
      },
      "SkiaSharp.Svg": {
        "type": "Transitive",
        "resolved": "1.60.0",
        "contentHash": "rTneyM6mt0w2xCCampFlkO3mGFIwGEJo7L2X3JOdyeMCZDQkyqv7m9kZfA89kLSErXErFnY72TZsryzqTIiT7g==",
        "dependencies": {
          "SkiaSharp": "1.60.0"
        }
      },
      "Splat": {
        "type": "Transitive",
        "resolved": "14.4.1",
        "contentHash": "Z1Mncnzm9pNIaIbZ/EWH6x5ESnKsmAvu8HP4StBRw+yhz0lzE7LCbt22TNTPaFrYLYbYCbGQIc/61yuSnpLidg=="
      },
      "Svg.Custom": {
        "type": "Transitive",
        "resolved": "2.0.0",
        "contentHash": "YqPAdGu00Aru+VvO4BIKOSVWK+z8vciBhBtG6RSWL+wuIhhIM6OU9fw7bN1vti/oTWwfvaUmh0EKWxHKzzaotA==",
        "dependencies": {
          "ExCSS": "4.2.3"
        }
      },
      "Svg.Model": {
        "type": "Transitive",
        "resolved": "2.0.0",
        "contentHash": "YwdGhay2Wh2sc0WcoYlgiliajsf3utZMEXbm1Wu9LLpLk2rRVSA187p+xGs8pn2GYwLrjfBLWBevXTB4kxrzDg==",
        "dependencies": {
          "ShimSkiaSharp": "2.0.0",
          "Svg.Custom": "2.0.0"
        }
      },
      "System.ClientModel": {
        "type": "Transitive",
        "resolved": "1.1.0",
        "contentHash": "UocOlCkxLZrG2CKMAAImPcldJTxeesHnHGHwhJ0pNlZEvEXcWKuQvVOER2/NiOkJGRJk978SNdw3j6/7O9H1lg==",
        "dependencies": {
          "System.Memory.Data": "1.0.2"
        }
      },
      "System.Diagnostics.EventLog": {
        "type": "Transitive",
        "resolved": "6.0.0",
        "contentHash": "lcyUiXTsETK2ALsZrX+nWuHSIQeazhqPphLfaRxzdGaG93+0kELqpgEHtwWOlQe7+jSFnKwaCAgL4kjeZCQJnw=="
      },
      "System.Memory.Data": {
        "type": "Transitive",
        "resolved": "6.0.0",
        "contentHash": "ntFHArH3I4Lpjf5m4DCXQHJuGwWPNVJPaAvM95Jy/u+2Yzt2ryiyIN04LAogkjP9DeRcEOiviAjQotfmPq/FrQ=="
      },
      "System.Reactive": {
        "type": "Transitive",
        "resolved": "5.0.0",
        "contentHash": "erBZjkQHWL9jpasCE/0qKAryzVBJFxGHVBAvgRN1bzM0q2s1S4oYREEEL0Vb+1kA/6BKb5FjUZMp5VXmy+gzkQ=="
      },
      "Tmds.DBus.Protocol": {
        "type": "Transitive",
        "resolved": "0.21.3",
        "contentHash": "hDwB8WsQoyALQKqIbwzS68UKdlnafDm4T/DkO/JrA/YIneP/rKv96SxYPVXeh3FP4i/SXfShrYftKLtciJAIlw=="
      },
      "Ultz.Native.SDL": {
        "type": "Transitive",
        "resolved": "2.32.10",
        "contentHash": "XSm79DEYh48nrkof1QbBvC5XclBZnpcaTbjbSpMBUAT2qoZ8DwftI3+YEKkmLO3pYpSuPg9yhdPt2jbxyxQdHQ=="
      },
      "Vosk": {
        "type": "Transitive",
        "resolved": "0.3.38",
        "contentHash": "W/me6nwF7fq9uWVmqbmWvPx3DjhMSzb9D85IZa0FUg2PIxcWjfG55vYHBc+9xCuNL/zohIBRYTKiP4itnMU3ww=="
      },
      "xunit.abstractions": {
        "type": "Transitive",
        "resolved": "2.0.3",
        "contentHash": "pot1I4YOxlWjIb5jmwvvQNbTrZ3lJQ+jUGkGjWE3hEFM0l5gOnBWS+H3qsex68s5cO52g+44vpGzhAt+42vwKg=="
      },
      "xunit.analyzers": {
        "type": "Transitive",
        "resolved": "1.18.0",
        "contentHash": "OtFMHN8yqIcYP9wcVIgJrq01AfTxijjAqVDy/WeQVSyrDC1RzBWeQPztL49DN2syXRah8TYnfvk035s7L95EZQ=="
      },
      "xunit.assert": {
        "type": "Transitive",
        "resolved": "2.9.3",
        "contentHash": "/Kq28fCE7MjOV42YLVRAJzRF0WmEqsmflm0cfpMjGtzQ2lR5mYVj1/i0Y8uDAOLczkL3/jArrwehfMD0YogMAA=="
      },
      "xunit.core": {
        "type": "Transitive",
        "resolved": "2.9.3",
        "contentHash": "BiAEvqGvyme19wE0wTKdADH+NloYqikiU0mcnmiNyXaF9HyHmE6sr/3DC5vnBkgsWaE6yPyWszKSPSApWdRVeQ==",
        "dependencies": {
          "xunit.extensibility.core": "[2.9.3]",
          "xunit.extensibility.execution": "[2.9.3]"
        }
      },
      "xunit.extensibility.core": {
        "type": "Transitive",
        "resolved": "2.9.3",
        "contentHash": "kf3si0YTn2a8J8eZNb+zFpwfoyvIrQ7ivNk5ZYA5yuYk1bEtMe4DxJ2CF/qsRgmEnDr7MnW1mxylBaHTZ4qErA==",
        "dependencies": {
          "xunit.abstractions": "2.0.3"
        }
      },
      "xunit.extensibility.execution": {
        "type": "Transitive",
        "resolved": "2.9.3",
        "contentHash": "yMb6vMESlSrE3Wfj7V6cjQ3S4TXdXpRqYeNEI3zsX31uTsGMJjEw6oD5F5u1cHnMptjhEECnmZSsPxB6ChZHDQ==",
        "dependencies": {
          "xunit.extensibility.core": "[2.9.3]"
        }
      },
      "ZstdSharp.Port": {
        "type": "Transitive",
        "resolved": "0.7.4",
        "contentHash": "ziptnotpUJr51afwXJQ5Wc03dvDiZAdmxS08s1g7SHn/VzbyZUXdH6yORk/zaNjzUOEE6pVZ0Nqztab0rYROgQ=="
      },
      "avalonia.mcp.core": {
        "type": "Project",
        "dependencies": {
          "Avalonia": "[11.3.14, )",
          "Avalonia.Headless": "[11.3.14, )",
          "Microsoft.Extensions.DependencyInjection.Abstractions": "[10.0.5, )",
          "Microsoft.Extensions.Logging.Abstractions": "[10.0.5, )"
        }
      },
      "watchtower": {
        "type": "Project",
        "dependencies": {
          "Avalonia": "[11.3.14, )",
          "Avalonia.Desktop": "[11.3.14, )",
          "Avalonia.Diagnostics": "[11.3.14, )",
          "Avalonia.Fonts.Inter": "[11.3.14, )",
          "Avalonia.Mcp.Core": "[1.0.0, )",
          "Avalonia.Themes.Fluent": "[11.3.14, )",
          "FluentIcons.Avalonia.Fluent": "[2.0.325, )",
          "Iciclecreek.AdaptiveCards.Rendering.Avalonia": "[1.0.4, )",
          "Meziantou.Framework.Win32.CredentialManager": "[1.7.18, )",
          "Microsoft.CognitiveServices.Speech": "[1.49.1, )",
          "Microsoft.Extensions.Configuration": "[10.0.5, )",
          "Microsoft.Extensions.Configuration.Json": "[10.0.5, )",
          "Microsoft.Extensions.DependencyInjection": "[10.0.5, )",
          "Microsoft.Extensions.Logging": "[10.0.5, )",
          "Microsoft.Extensions.Logging.Console": "[10.0.5, )",
          "NAudio": "[2.3.0, )",
          "PiperSharp": "[1.0.6, )",
          "Silk.NET.SDL": "[2.23.0, )",
          "Vosk": "[0.3.38, )"
        }
      }
    }
  }
}