{
  "version": 1,
  "dependencies": {
    "net10.0": {
      "Avalonia.Headless.XUnit": {
        "type": "Direct",
        "requested": "[11.*, )",
        "resolved": "11.3.10",
        "contentHash": "NOt50uZZkIpwuFVFqGI8m17EbkBMPS4EoifZuGhouQGJEhwZIXwKswWQvhcX5/fUwQY+ubik9ehbMaeyDZSVmQ==",
        "dependencies": {
          "Avalonia.Headless": "11.3.10",
          "xunit.core": "2.4.0"
        }
      },
      "coverlet.collector": {
        "type": "Direct",
        "requested": "[6.*, )",
        "resolved": "6.0.4",
        "contentHash": "lkhqpF8Pu2Y7IiN7OntbsTtdbpR1syMsm2F3IgX6ootA4ffRqWL5jF7XipHuZQTdVuWG/gVAAcf8mjk8Tz0xPg=="
      },
      "Microsoft.NET.Test.Sdk": {
        "type": "Direct",
        "requested": "[18.0.1, )",
        "resolved": "18.0.1",
        "contentHash": "WNpu6vI2rA0pXY4r7NKxCN16XRWl5uHu6qjuyVLoDo6oYEggIQefrMjkRuibQHm/NslIUNCcKftvoWAN80MSAg==",
        "dependencies": {
          "Microsoft.CodeCoverage": "18.0.1",
          "Microsoft.TestPlatform.TestHost": "18.0.1"
        }
      },
      "Moq": {
        "type": "Direct",
        "requested": "[4.*, )",
        "resolved": "4.20.72",
        "contentHash": "EA55cjyNn8eTNWrgrdZJH5QLFp2L43oxl1tlkoYUKIE9pRwL784OWiTXeCV5ApS+AMYEAlt7Fo03A2XfouvHmQ==",
        "dependencies": {
          "Castle.Core": "5.1.1"
        }
      },
      "xunit": {
        "type": "Direct",
        "requested": "[2.*, )",
        "resolved": "2.9.3",
        "contentHash": "TlXQBinK35LpOPKHAqbLY4xlEen9TBafjs0V5KnA4wZsoQLQJiirCR4CbIXvOH8NzkW4YeJKP5P/Bnrodm0h9Q==",
        "dependencies": {
          "xunit.analyzers": "1.18.0",
          "xunit.assert": "2.9.3",
          "xunit.core": "[2.9.3]"
        }
      },
      "xunit.runner.visualstudio": {
        "type": "Direct",
        "requested": "[3.1.5, )",
        "resolved": "3.1.5",
        "contentHash": "tKi7dSTwP4m5m9eXPM2Ime4Kn7xNf4x4zT9sdLO/G4hZVnQCRiMTWoSZqI/pYTVeI27oPPqHBKYI/DjJ9GsYgA=="
      },
      "AdaptiveCards": {
        "type": "Transitive",
        "resolved": "3.1.0",
        "contentHash": "b+sPwH0oyAflpgxCyNPMzH92xrQjWl6GuuEBv86/VhO6iHhiWv+PtwzqMS70nOXZQRzpl9YVHXAvn+dKot5IBQ==",
        "dependencies": {
          "Newtonsoft.Json": "13.0.3"
        }
      },
      "AsyncImageLoader.Avalonia": {
        "type": "Transitive",
        "resolved": "3.2.1",
        "contentHash": "m5q7mbGZ2s3gqQPYmzGQ4YjT/+CWAP1xHxWxuSSqbwdTVAZk86HYCHvrTCR6TxeXvkWafvTMuwJamooeEfeQQw==",
        "dependencies": {
          "Avalonia": "11.0.0"
        }
      },
      "Avalonia": {
        "type": "Transitive",
        "resolved": "11.3.10",
        "contentHash": "fAZmy1oOzQzBlg0Mm8QawA2439LmXHmX7hHEucfvGmAfibCUtQ0wgedl4b3XRd4Y8pH50kAlsg5DPG7ARtGa2A==",
        "dependencies": {
          "Avalonia.BuildServices": "11.3.2",
          "Avalonia.Remote.Protocol": "11.3.10",
          "MicroCom.Runtime": "0.11.0"
        }
      },
      "Avalonia.Angle.Windows.Natives": {
        "type": "Transitive",
        "resolved": "2.1.25547.20250602",
        "contentHash": "ZL0VLc4s9rvNNFt19Pxm5UNAkmKNylugAwJPX9ulXZ6JWs/l6XZihPWWTyezaoNOVyEPU8YbURtW7XMAtqXH5A=="
      },
      "Avalonia.BuildServices": {
        "type": "Transitive",
        "resolved": "11.3.2",
        "contentHash": "qHDToxto1e3hci5YqbG9n0Ty8mlp3zBUN5wT66wKqaDVzXyQ0do3EnRILd4Ke9jpvsktaPpgE0YjEk7hornryQ=="
      },
      "Avalonia.Controls.ColorPicker": {
        "type": "Transitive",
        "resolved": "11.3.10",
        "contentHash": "KRlU3aPinqxcgP2471m73qi+qj+XZ24/d/vPwnpmA0Jy977h8iWDzDafnv4PCv8RTvnyt3duVmGTdxJHMmvoow==",
        "dependencies": {
          "Avalonia": "11.3.10",
          "Avalonia.Remote.Protocol": "11.3.10"
        }
      },
      "Avalonia.Controls.DataGrid": {
        "type": "Transitive",
        "resolved": "11.0.0",
        "contentHash": "bUEsP11CPoI0BtMW9c0MP9zqTHePSGpYIYM7dndD9+bUEHZfhD7Af8Uw/+GeBbmRu1tm4xLGefcq0O9zmEKrqA==",
        "dependencies": {
          "Avalonia": "11.0.0",
          "Avalonia.Remote.Protocol": "11.0.0"
        }
      },
      "Avalonia.Controls.ItemsRepeater": {
        "type": "Transitive",
        "resolved": "11.0.0",
        "contentHash": "5H1X+UUMUOrECli+BSrDCc38doYABRUy54mRCGeFBtGqGtnwz+Mx1aj7rDsXGzzItxS4QDSfQTQJsRVpRC9grA==",
        "dependencies": {
          "Avalonia": "11.0.0"
        }
      },
      "Avalonia.Desktop": {
        "type": "Transitive",
        "resolved": "11.3.10",
        "contentHash": "Enb/6GTCO3+GlSxyhyxYuMjiyBT1EGdFkOLdAPKXYTxgCcnWvqdC6lwBslD0y18P8B8pOnlYryTEmBRsBSvHjQ==",
        "dependencies": {
          "Avalonia": "11.3.10",
          "Avalonia.Native": "11.3.10",
          "Avalonia.Skia": "11.3.10",
          "Avalonia.Win32": "11.3.10",
          "Avalonia.X11": "11.3.10"
        }
      },
      "Avalonia.Diagnostics": {
        "type": "Transitive",
        "resolved": "11.3.10",
        "contentHash": "8YbX1fdpsJeZfgBrjQy9KFPkJULwoVe1/oOspgKx3WNW7K52V8uYxvMNvd12AUn1BulVcsglSMzsDHtX50gicg==",
        "dependencies": {
          "Avalonia": "11.3.10",
          "Avalonia.Controls.ColorPicker": "11.3.10",
          "Avalonia.Themes.Simple": "11.3.10"
        }
      },
      "Avalonia.Fonts.Inter": {
        "type": "Transitive",
        "resolved": "11.3.10",
        "contentHash": "k55hTUepo0++6k5pogZGeGfnaqgrJKQbur1R6G2KEfcuVEI8VEeHIrPVm14ItFoB68xH+E9LnRjs7bvhlXNcvg==",
        "dependencies": {
          "Avalonia": "11.3.10"
        }
      },
      "Avalonia.FreeDesktop": {
        "type": "Transitive",
        "resolved": "11.3.10",
        "contentHash": "jSGEfIvCSXTX5N8LUgxmXk9J09NlSchkakwQZKqMW57SmZpxSolqU6z40fC5pU0uToZ0kIGY79+gfER+Q9gODA==",
        "dependencies": {
          "Avalonia": "11.3.10",
          "Tmds.DBus.Protocol": "0.21.2"
        }
      },
      "Avalonia.Headless": {
        "type": "Transitive",
        "resolved": "11.3.10",
        "contentHash": "r3LGdpc/H176pDg3JnnvJBa100s7yF+vYB2mj1ueveuAw3W1slpBHjBKe+psHVK3SKyxxpX4utM30kOi2NcT7A==",
        "dependencies": {
          "Avalonia": "11.3.10"
        }
      },
      "Avalonia.Markup.Xaml.Loader": {
        "type": "Transitive",
        "resolved": "11.1.1",
        "contentHash": "K3WldD+LQhfqPhgRk25DkdL3hV676bqkXCq2dxxOES/ZtTX+dQR6MO9Hbk1t9FLOKIgpN57mkO3/mI7COGbipw==",
        "dependencies": {
          "Avalonia": "11.1.1"
        }
      },
      "Avalonia.Native": {
        "type": "Transitive",
        "resolved": "11.3.10",
        "contentHash": "74QbUY4K9YVE3yELih6qohauQn/oSSHMfSRIdZmGyQIE/d2Jfu98lirpbECtZ2QCVBpVbbbpHWuT6mbc/IYp8g==",
        "dependencies": {
          "Avalonia": "11.3.10"
        }
      },
      "Avalonia.ReactiveUI": {
        "type": "Transitive",
        "resolved": "11.1.1",
        "contentHash": "/X+g+3V8JB9P0xyLBLNSj3X0CQ0q7Nlq/xWtcChMa8FvDdPC4TwRv+p/rjSt6iPxRJoXh9SBVaQe6Uk4IKXe6Q==",
        "dependencies": {
          "Avalonia": "11.1.1",
          "ReactiveUI": "18.3.1",
          "System.Reactive": "5.0.0"
        }
      },
      "Avalonia.Remote.Protocol": {
        "type": "Transitive",
        "resolved": "11.3.10",
        "contentHash": "DyNUbh9IfH+AL3KKob8p4IPZk7BvDMIB3ub13gJTrICfaMQiU7QsE0U05rfNFKJEdMmK0MBTL/Y+8BnaLVrDPw=="
      },
      "Avalonia.Skia": {
        "type": "Transitive",
        "resolved": "11.3.10",
        "contentHash": "AvBmDgblDkPuC+VSgSFlNVHCHMiQ1NEojm02imiXOj7m/CGoBorvbhbJob6suvdsSRfFIjLf4Oay1ULFSsEWOA==",
        "dependencies": {
          "Avalonia": "11.3.10",
          "HarfBuzzSharp": "8.3.1.1",
          "HarfBuzzSharp.NativeAssets.Linux": "8.3.1.1",
          "HarfBuzzSharp.NativeAssets.WebAssembly": "8.3.1.1",
          "SkiaSharp": "2.88.9",
          "SkiaSharp.NativeAssets.Linux": "2.88.9",
          "SkiaSharp.NativeAssets.WebAssembly": "2.88.9"
        }
      },
      "Avalonia.Svg": {
        "type": "Transitive",
        "resolved": "11.1.0",
        "contentHash": "zvjccY9IhEZTaC/sx8zfdU1PVtiVI8PVPt9QTYzaKyrNR+QY82aIy1f3x50CG9jyNCmBtRycd4ZZn0qDn19k+A==",
        "dependencies": {
          "Avalonia": "11.1.0",
          "Svg.Model": "2.0.0"
        }
      },
      "Avalonia.Themes.Fluent": {
        "type": "Transitive",
        "resolved": "11.3.10",
        "contentHash": "K5QkJZYKbKUqLY9FbtSfihzO7n35cDcisQY9ohTfKBe/GQpmEqhy6BdazBDu8Iq/o7DfLUaNINbqCysvouiJIw==",
        "dependencies": {
          "Avalonia": "11.3.10"
        }
      },
      "Avalonia.Themes.Simple": {
        "type": "Transitive",
        "resolved": "11.3.10",
        "contentHash": "SwmIVuKZEiVW7lyflK9WWFo1Aw4BA5UJJviLoAwvw0x3HtnT5LDtlEzzkV7qiWxijaatMCP/xQH5k1NJnPSC+w==",
        "dependencies": {
          "Avalonia": "11.3.10"
        }
      },
      "Avalonia.Win32": {
        "type": "Transitive",
        "resolved": "11.3.10",
        "contentHash": "iMCnKRoOOlRnjV4Oyt6rD1lj4U5BrgO2Y/q6npFwcXZUwz9GWJUo7NpwDLjGsjMONE+WngQ1T9qAO2cBpnUN1A==",
        "dependencies": {
          "Avalonia": "11.3.10",
          "Avalonia.Angle.Windows.Natives": "2.1.25547.20250602"
        }
      },
      "Avalonia.X11": {
        "type": "Transitive",
        "resolved": "11.3.10",
        "contentHash": "dDVWIi7gWxzDJnXysF0rR6B/aoxliO+JQ8g9OOaUk/qZPRhLPP5tLjQdyEuRGwX74ip8IUbf44L4XU6GZt0+7g==",
        "dependencies": {
          "Avalonia": "11.3.10",
          "Avalonia.FreeDesktop": "11.3.10",
          "Avalonia.Skia": "11.3.10"
        }
      },
      "Azure.Core": {
        "type": "Transitive",
        "resolved": "1.44.1",
        "contentHash": "YyznXLQZCregzHvioip07/BkzjuWNXogJEVz9T5W6TwjNr17ax41YGzYMptlo2G10oLCuVPoyva62y0SIRDixg==",
        "dependencies": {
          "Microsoft.Bcl.AsyncInterfaces": "6.0.0",
          "System.ClientModel": "1.1.0",
          "System.Memory.Data": "6.0.0"
        }
      },
      "Castle.Core": {
        "type": "Transitive",
        "resolved": "5.1.1",
        "contentHash": "rpYtIczkzGpf+EkZgDr9CClTdemhsrwA/W5hMoPjLkRFnXzH44zDLoovXeKtmxb1ykXK9aJVODSpiJml8CTw2g==",
        "dependencies": {
          "System.Diagnostics.EventLog": "6.0.0"
        }
      },
      "CSharpFunctionalExtensions": {
        "type": "Transitive",
        "resolved": "2.40.3",
        "contentHash": "G+t+bf39aixVFN3O3Q5LoE0zy3o8QlV3mv3ATw76XwDRWkE9eFRLzZdx9HH9fgbPpasfP4kr8cnnXIP+Z7GcrQ=="
      },
      "DynamicData": {
        "type": "Transitive",
        "resolved": "7.9.5",
        "contentHash": "xFwVha7o3qUtVYxco5p+7Urcztc/m1gmaEUxOG0i7LNe+vfCfyb0ECAsT2FLm3zOPHb0g8s9qVu5LfPKfRNVng==",
        "dependencies": {
          "System.Reactive": "5.0.0"
        }
      },
      "ExCSS": {
        "type": "Transitive",
        "resolved": "4.2.3",
        "contentHash": "SyeAfu2wL5247sipJoPUzQfjiwQtfSd8hN4IbgoyVcDx4PP6Dud4znwPRibWQzLtTlUxYYcbf5f4p+EfFC7KtQ=="
      },
      "FluentAvaloniaUI": {
        "type": "Transitive",
        "resolved": "2.0.0",
        "contentHash": "JKFJe/RUDeqfP6ZrUsHpIpFbo3pJ89X4z28SZCFEN9UQ4VSHyDtTg7j3TELLK086Hb9IioMzMsIBN60oruXz0Q==",
        "dependencies": {
          "Avalonia": "11.0.0",
          "Avalonia.Controls.ColorPicker": "11.0.0",
          "Avalonia.Controls.DataGrid": "11.0.0",
          "Avalonia.Controls.ItemsRepeater": "11.0.0",
          "Avalonia.Skia": "11.0.0",
          "MicroCom.CodeGenerator.MSBuild": "0.11.0",
          "MicroCom.Runtime": "0.11.0"
        }
      },
      "FluentIcons.Avalonia": {
        "type": "Transitive",
        "resolved": "2.0.316.1",
        "contentHash": "lFW8oYLaJPyEvCKTNAJbcW6Bfk+Jop48cELrvHZZ635la9fKiSUc/rNOM5CQnNjlDqkfZy1fLu62mHQfGHSm3w==",
        "dependencies": {
          "Avalonia": "11.0.0",
          "FluentIcons.Common": "[2.0.316]",
          "FluentIcons.Resources.Avalonia": "[2.0.316]"
        }
      },
      "FluentIcons.Avalonia.Fluent": {
        "type": "Transitive",
        "resolved": "2.0.316.1",
        "contentHash": "LesHEYNnK0ABpwMKjzTaTabbYTUCTnb8vRoFjU6PN9S0rcgkq1R2g9FzOzRGKFMhJME4aysb9oZ5dycwAvSyIQ==",
        "dependencies": {
          "FluentAvaloniaUI": "2.0.0",
          "FluentIcons.Avalonia": "[2.0.316.1]",
          "FluentIcons.Common": "[2.0.316]"
        }
      },
      "FluentIcons.Common": {
        "type": "Transitive",
        "resolved": "2.0.316",
        "contentHash": "SUsRQfm+jVutoA52jxA9rYiDf1O/1HBn7SpKyU31YbVvOX+lzzSmfeLIPRtdGA9A0c3SXx1B7hneIAFL84tQxw=="
      },
      "FluentIcons.Resources.Avalonia": {
        "type": "Transitive",
        "resolved": "2.0.316",
        "contentHash": "4P4QWv4AG8JPicaCwrErjmL/VhJHQc4BKDSRCXzAwHQggf0J17WFDZgiW4ar1EHz5aVlsUXkA7RbH7cR5ZYOeQ==",
        "dependencies": {
          "Avalonia": "11.0.0",
          "FluentIcons.Common": "[2.0.316]"
        }
      },
      "HarfBuzzSharp": {
        "type": "Transitive",
        "resolved": "8.3.1.1",
        "contentHash": "tLZN66oe/uiRPTZfrCU4i8ScVGwqHNh5MHrXj0yVf4l7Mz0FhTGnQ71RGySROTmdognAs0JtluHkL41pIabWuQ==",
        "dependencies": {
          "HarfBuzzSharp.NativeAssets.Win32": "8.3.1.1",
          "HarfBuzzSharp.NativeAssets.macOS": "8.3.1.1"
        }
      },
      "HarfBuzzSharp.NativeAssets.Linux": {
        "type": "Transitive",
        "resolved": "8.3.1.1",
        "contentHash": "3EZ1mpIiKWRLL5hUYA82ZHteeDIVaEA/Z0rA/wU6tjx6crcAkJnBPwDXZugBSfo8+J3EznvRJf49uMsqYfKrHg=="
      },
      "HarfBuzzSharp.NativeAssets.macOS": {
        "type": "Transitive",
        "resolved": "8.3.1.1",
        "contentHash": "jbtCsgftcaFLCA13tVKo5iWdElJScrulLTKJre36O4YQTIlwDtPPqhRZNk+Y0vv4D1gxbscasGRucUDfS44ofQ=="
      },
      "HarfBuzzSharp.NativeAssets.WebAssembly": {
        "type": "Transitive",
        "resolved": "8.3.1.1",
        "contentHash": "loJweK2u/mH/3C2zBa0ggJlITIszOkK64HLAZB7FUT670dTg965whLFYHDQo69NmC4+d9UN0icLC9VHidXaVCA=="
      },
      "HarfBuzzSharp.NativeAssets.Win32": {
        "type": "Transitive",
        "resolved": "8.3.1.1",
        "contentHash": "UsJtQsfAJoFDZrXc4hCUfRPMqccfKZ0iumJ/upcUjz/cmsTgVFGNEL5yaJWmkqsuFYdMWbj/En5/kS4PFl9hBA=="
      },
      "Iciclecreek.AdaptiveCards.Rendering.Avalonia": {
        "type": "Transitive",
        "resolved": "1.0.4",
        "contentHash": "+gUZl19N9T1thgpLxjtbm9z4P+erXUJZCfH/n65EpPrpK/VITFkCHQUIJSBwSG5oahQdjLfOxOIYqlkiffZk5w==",
        "dependencies": {
          "AdaptiveCards": "3.1.0",
          "AsyncImageLoader.Avalonia": "3.2.1",
          "Avalonia": "11.1.1",
          "Avalonia.Markup.Xaml.Loader": "11.1.1",
          "Avalonia.ReactiveUI": "11.1.1",
          "Avalonia.Svg": "11.1.0",
          "Iciclecreek.Avalonia.Controls.Media": "1.0.5",
          "SkiaSharp.Svg": "1.60.0"
        }
      },
      "Iciclecreek.Avalonia.Controls.Media": {
        "type": "Transitive",
        "resolved": "1.0.5",
        "contentHash": "lv2tftVDHcc54KzZAaswfWD3kjHla5JL/+JBr3EkW08/z+RcuFDATaFaNJrPLzdpfN8gtHYgvDy8D8+b3COAxA==",
        "dependencies": {
          "Avalonia": "11.0.5",
          "Avalonia.ReactiveUI": "11.0.5",
          "CSharpFunctionalExtensions": "2.40.3",
          "FluentIcons.Avalonia": "1.1.223",
          "LibVLCSharp": "3.8.2"
        }
      },
      "LibVLCSharp": {
        "type": "Transitive",
        "resolved": "3.8.2",
        "contentHash": "P61Pkc+2GgX9PGJmm0MTVYKh0zPbak25rkyb5MU8Vq7x/VgFV/0h3L2bP7H4Oz5sfmm03H8T010cqEKQVA4Jew=="
      },
      "MicroCom.CodeGenerator.MSBuild": {
        "type": "Transitive",
        "resolved": "0.11.0",
        "contentHash": "CiRuIIvycn7RqT7p72+JdJsw1/No/1nc0Vs45Qkbvkn/uryWU57dGAUaqy9p2trRDvbsRBdQgF1hWLNUpgUSQw=="
      },
      "MicroCom.Runtime": {
        "type": "Transitive",
        "resolved": "0.11.0",
        "contentHash": "MEnrZ3UIiH40hjzMDsxrTyi8dtqB5ziv3iBeeU4bXsL/7NLSal9F1lZKpK+tfBRnUoDSdtcW3KufE4yhATOMCA=="
      },
      "Microsoft.Bcl.AsyncInterfaces": {
        "type": "Transitive",
        "resolved": "6.0.0",
        "contentHash": "UcSjPsst+DfAdJGVDsu346FX0ci0ah+lw3WRtn18NUwEqRt70HaOQ7lI72vy3+1LxtqI3T5GWwV39rQSrCzAeg=="
      },
      "Microsoft.CodeCoverage": {
        "type": "Transitive",
        "resolved": "18.0.1",
        "contentHash": "O+utSr97NAJowIQT/OVp3Lh9QgW/wALVTP4RG1m2AfFP4IyJmJz0ZBmFJUsRQiAPgq6IRC0t8AAzsiPIsaUDEA=="
      },
      "Microsoft.CognitiveServices.Speech": {
        "type": "Transitive",
        "resolved": "1.47.0",
        "contentHash": "gCEeM0AqC+c3nn5Fd27jN16+zWf0N9Fcil0dyveFGASBFEIx2OyEzMi4+hQqwWyr54uHkgfPTmApA9dQfeUwmg==",
        "dependencies": {
          "Azure.Core": "1.44.1"
        }
      },
      "Microsoft.DotNet.PlatformAbstractions": {
        "type": "Transitive",
        "resolved": "3.1.6",
        "contentHash": "jek4XYaQ/PGUwDKKhwR8K47Uh1189PFzMeLqO83mXrXQVIpARZCcfuDedH50YDTepBkfijCZN5U/vZi++erxtg=="
      },
      "Microsoft.Extensions.Configuration": {
        "type": "Transitive",
        "resolved": "10.0.1",
        "contentHash": "njoRekyMIK+smav8B6KL2YgIfUtlsRNuT7wvurpLW+m/hoRKVnoELk2YxnUnWRGScCd1rukLMxShwLqEOKowDg==",
        "dependencies": {
          "Microsoft.Extensions.Configuration.Abstractions": "10.0.1",
          "Microsoft.Extensions.Primitives": "10.0.1"
        }
      },
      "Microsoft.Extensions.Configuration.Abstractions": {
        "type": "Transitive",
        "resolved": "10.0.1",
        "contentHash": "kPlU11hql+L9RjrN2N9/0GcRcRcZrNFlLLjadasFWeBORT6pL6OE+RYRk90GGCyVGSxTK+e1/f3dsMj5zpFFiQ==",
        "dependencies": {
          "Microsoft.Extensions.Primitives": "10.0.1"
        }
      },
      "Microsoft.Extensions.Configuration.Binder": {
        "type": "Transitive",
        "resolved": "10.0.1",
        "contentHash": "Lp4CZIuTVXtlvkAnTq6QvMSW7+H62gX2cU2vdFxHQUxvrWTpi7LwYI3X+YAyIS0r12/p7gaosco7efIxL4yFNw==",
        "dependencies": {
          "Microsoft.Extensions.Configuration": "10.0.1",
          "Microsoft.Extensions.Configuration.Abstractions": "10.0.1"
        }
      },
      "Microsoft.Extensions.Configuration.FileExtensions": {
        "type": "Transitive",
        "resolved": "10.0.1",
        "contentHash": "N/6GiwiZFCBFZDk3vg1PhHW3zMqqu5WWpmeZAA9VTXv7Q8pr8NZR/EQsH0DjzqydDksJtY6EQBsu81d5okQOlA==",
        "dependencies": {
          "Microsoft.Extensions.Configuration": "10.0.1",
          "Microsoft.Extensions.Configuration.Abstractions": "10.0.1",
          "Microsoft.Extensions.FileProviders.Abstractions": "10.0.1",
          "Microsoft.Extensions.FileProviders.Physical": "10.0.1",
          "Microsoft.Extensions.Primitives": "10.0.1"
        }
      },
      "Microsoft.Extensions.Configuration.Json": {
        "type": "Transitive",
        "resolved": "10.0.1",
        "contentHash": "0zW3eYBJlRctmgqk5s0kFIi5o5y2g80mvGCD8bkYxREPQlKUnr0ndU/Sop+UDIhyWN0fIi4RW63vo7BKTi7ncA==",
        "dependencies": {
          "Microsoft.Extensions.Configuration": "10.0.1",
          "Microsoft.Extensions.Configuration.Abstractions": "10.0.1",
          "Microsoft.Extensions.Configuration.FileExtensions": "10.0.1",
          "Microsoft.Extensions.FileProviders.Abstractions": "10.0.1"
        }
      },
      "Microsoft.Extensions.DependencyInjection": {
        "type": "Transitive",
        "resolved": "10.0.1",
        "contentHash": "zerXV0GAR9LCSXoSIApbWn+Dq1/T+6vbXMHGduq1LoVQRHT0BXsGQEau0jeLUBUcsoF/NaUT8ADPu8b+eNcIyg==",
        "dependencies": {
          "Microsoft.Extensions.DependencyInjection.Abstractions": "10.0.1"
        }
      },
      "Microsoft.Extensions.DependencyInjection.Abstractions": {
        "type": "Transitive",
        "resolved": "10.0.1",
        "contentHash": "oIy8fQxxbUsSrrOvgBqlVgOeCtDmrcynnTG+FQufcUWBrwyPfwlUkCDB2vaiBeYPyT+20u9/HeuHeBf+H4F/8g=="
      },
      "Microsoft.Extensions.DependencyModel": {
        "type": "Transitive",
        "resolved": "8.0.0",
        "contentHash": "NSmDw3K0ozNDgShSIpsZcbFIzBX4w28nDag+TfaQujkXGazBm+lid5onlWoCBy4VsLxqnnKjEBbGSJVWJMf43g=="
      },
      "Microsoft.Extensions.FileProviders.Abstractions": {
        "type": "Transitive",
        "resolved": "10.0.1",
        "contentHash": "+b3DligYSZuoWltU5YdbMpIEUHNZPgPrzWfNiIuDkMdqOl93UxYB5KzS3lgpRfTXJhTNpo/CZ8w/sTkDTPDdxQ==",
        "dependencies": {
          "Microsoft.Extensions.Primitives": "10.0.1"
        }
      },
      "Microsoft.Extensions.FileProviders.Physical": {
        "type": "Transitive",
        "resolved": "10.0.1",
        "contentHash": "4bxzGXIzZnz0Bf7czQ72jGvpOqJsRW/44PS7YLFXTTnu6cNcPvmSREDvBoH0ZVP2hAbMfL4sUoCUn54k70jPWw==",
        "dependencies": {
          "Microsoft.Extensions.FileProviders.Abstractions": "10.0.1",
          "Microsoft.Extensions.FileSystemGlobbing": "10.0.1",
          "Microsoft.Extensions.Primitives": "10.0.1"
        }
      },
      "Microsoft.Extensions.FileSystemGlobbing": {
        "type": "Transitive",
        "resolved": "10.0.1",
        "contentHash": "49dFvGJjLSwGn76eHnP1gBvCJkL8HRYpCrG0DCvsP6wRpEQRLN2Fq8rTxbP+6jS7jmYKCnSVO5C65v4mT3rzeA=="
      },
      "Microsoft.Extensions.Logging": {
        "type": "Transitive",
        "resolved": "10.0.1",
        "contentHash": "9ItMpMLFZFJFqCuHLLbR3LiA4ahA8dMtYuXpXl2YamSDWZhYS9BruPprkftY0tYi2bQ0slNrixdFm+4kpz1g5w==",
        "dependencies": {
          "Microsoft.Extensions.DependencyInjection": "10.0.1",
          "Microsoft.Extensions.Logging.Abstractions": "10.0.1",
          "Microsoft.Extensions.Options": "10.0.1"
        }
      },
      "Microsoft.Extensions.Logging.Abstractions": {
        "type": "Transitive",
        "resolved": "10.0.1",
        "contentHash": "YkmyiPIWAXVb+lPIrM0LE5bbtLOJkCiRTFiHpkVOvhI7uTvCfoOHLEN0LcsY56GpSD7NqX3gJNpsaDe87/B3zg==",
        "dependencies": {
          "Microsoft.Extensions.DependencyInjection.Abstractions": "10.0.1"
        }
      },
      "Microsoft.Extensions.Logging.Configuration": {
        "type": "Transitive",
        "resolved": "10.0.1",
        "contentHash": "Zg8LLnfZs5o2RCHD/+9NfDtJ40swauemwCa7sI8gQoAye/UJHRZNpCtC7a5XE7l9Z7mdI8iMWnLZ6m7Q6S3jLg==",
        "dependencies": {
          "Microsoft.Extensions.Configuration": "10.0.1",
          "Microsoft.Extensions.Configuration.Abstractions": "10.0.1",
          "Microsoft.Extensions.Configuration.Binder": "10.0.1",
          "Microsoft.Extensions.DependencyInjection.Abstractions": "10.0.1",
          "Microsoft.Extensions.Logging": "10.0.1",
          "Microsoft.Extensions.Logging.Abstractions": "10.0.1",
          "Microsoft.Extensions.Options": "10.0.1",
          "Microsoft.Extensions.Options.ConfigurationExtensions": "10.0.1"
        }
      },
      "Microsoft.Extensions.Logging.Console": {
        "type": "Transitive",
        "resolved": "10.0.1",
        "contentHash": "38Q8sEHwQ/+wVO/mwQBa0fcdHbezFpusHE+vBw/dSr6Fq/kzZm3H/NQX511Jki/R3FHd64IY559gdlHZQtYeEA==",
        "dependencies": {
          "Microsoft.Extensions.DependencyInjection.Abstractions": "10.0.1",
          "Microsoft.Extensions.Logging": "10.0.1",
          "Microsoft.Extensions.Logging.Abstractions": "10.0.1",
          "Microsoft.Extensions.Logging.Configuration": "10.0.1",
          "Microsoft.Extensions.Options": "10.0.1"
        }
      },
      "Microsoft.Extensions.Options": {
        "type": "Transitive",
        "resolved": "10.0.1",
        "contentHash": "G6VVwywpJI4XIobetGHwg7wDOYC2L2XBYdtskxLaKF/Ynb5QBwLl7Q//wxAR2aVCLkMpoQrjSP9VoORkyddsNQ==",
        "dependencies": {
          "Microsoft.Extensions.DependencyInjection.Abstractions": "10.0.1",
          "Microsoft.Extensions.Primitives": "10.0.1"
        }
      },
      "Microsoft.Extensions.Options.ConfigurationExtensions": {
        "type": "Transitive",
        "resolved": "10.0.1",
        "contentHash": "pL78/Im7O3WmxHzlKUsWTYchKL881udU7E26gCD3T0+/tPhWVfjPwMzfN/MRKU7aoFYcOiqcG2k1QTlH5woWow==",
        "dependencies": {
          "Microsoft.Extensions.Configuration.Abstractions": "10.0.1",
          "Microsoft.Extensions.Configuration.Binder": "10.0.1",
          "Microsoft.Extensions.DependencyInjection.Abstractions": "10.0.1",
          "Microsoft.Extensions.Options": "10.0.1",
          "Microsoft.Extensions.Primitives": "10.0.1"
        }
      },
      "Microsoft.Extensions.Primitives": {
        "type": "Transitive",
        "resolved": "10.0.1",
        "contentHash": "DO8XrJkp5x4PddDuc/CH37yDBCs9BYN6ijlKyR3vMb55BP1Vwh90vOX8bNfnKxr5B2qEI3D8bvbY1fFbDveDHQ=="
      },
      "Microsoft.TestPlatform.ObjectModel": {
        "type": "Transitive",
        "resolved": "18.0.1",
        "contentHash": "qT/mwMcLF9BieRkzOBPL2qCopl8hQu6A1P7JWAoj/FMu5i9vds/7cjbJ/LLtaiwWevWLAeD5v5wjQJ/l6jvhWQ=="
      },
      "Microsoft.TestPlatform.TestHost": {
        "type": "Transitive",
        "resolved": "18.0.1",
        "contentHash": "uDJKAEjFTaa2wHdWlfo6ektyoh+WD4/Eesrwb4FpBFKsLGehhACVnwwTI4qD3FrIlIEPlxdXg3SyrYRIcO+RRQ==",
        "dependencies": {
          "Microsoft.TestPlatform.ObjectModel": "18.0.1",
          "Newtonsoft.Json": "13.0.3"
        }
      },
      "NAudio": {
        "type": "Transitive",
        "resolved": "2.2.1",
        "contentHash": "c0DzwiyyklM0TP39Y7RObwO3QkWecgM6H60ikiEnsV/aEAJPbj5MFCLaD8BSfKuZe0HGuh9GRGWWlJmSxDc9MA==",
        "dependencies": {
          "NAudio.Asio": "2.2.1",
          "NAudio.Core": "2.2.1",
          "NAudio.Midi": "2.2.1",
          "NAudio.Wasapi": "2.2.1",
          "NAudio.WinMM": "2.2.1"
        }
      },
      "NAudio.Asio": {
        "type": "Transitive",
        "resolved": "2.2.1",
        "contentHash": "hQglyOT5iT3XuGpBP8ZG0+aoqwRfidHjTNehpoWwX0g6KJEgtH2VaqM2nuJ2mheKZa/IBqB4YQTZVvrIapzfOA==",
        "dependencies": {
          "NAudio.Core": "2.2.1"
        }
      },
      "NAudio.Core": {
        "type": "Transitive",
        "resolved": "2.2.1",
        "contentHash": "GgkdP6K/7FqXFo7uHvoqGZTJvW4z8g2IffhOO4JHaLzKCdDOUEzVKtveoZkCuUX8eV2HAINqi7VFqlFndrnz/g=="
      },
      "NAudio.Midi": {
        "type": "Transitive",
        "resolved": "2.2.1",
        "contentHash": "6r23ylGo5aeP02WFXsPquz0T0hFJWyh+7t++tz19tc3Kr38NHm+Z9j+FiAv+xkH8tZqXJqus9Q8p6u7bidIgbw==",
        "dependencies": {
          "NAudio.Core": "2.2.1"
        }
      },
      "NAudio.Wasapi": {
        "type": "Transitive",
        "resolved": "2.2.1",
        "contentHash": "lFfXoqacZZe0WqNChJgGYI+XV/n/61LzPHT3C1CJp4khoxeo2sziyX5wzNYWeCMNbsWxFvT3b3iXeY1UYjBhZw==",
        "dependencies": {
          "NAudio.Core": "2.2.1"
        }
      },
      "NAudio.WinMM": {
        "type": "Transitive",
        "resolved": "2.2.1",
        "contentHash": "xFHRFwH4x6aq3IxRbewvO33ugJRvZFEOfO62i7uQJRUNW2cnu6BeBTHUS0JD5KBucZbHZaYqxQG8dwZ47ezQuQ==",
        "dependencies": {
          "NAudio.Core": "2.2.1"
        }
      },
      "Newtonsoft.Json": {
        "type": "Transitive",
        "resolved": "13.0.3",
        "contentHash": "HrC5BXdl00IP9zeV+0Z848QWPAoCr9P3bDEZguI+gkLcBKAOxix/tLEAAHC+UvDNPv4a2d18lOReHMOagPa+zQ=="
      },
      "PiperSharp": {
        "type": "Transitive",
        "resolved": "1.0.6",
        "contentHash": "g68TbampKc0ATx80nur6LHHrhIpXvmioIVuwAuWKcjTXTB2tf+Klk4JPwzWZRo+DRSR4kS370eh+davEQVR0cw==",
        "dependencies": {
          "NAudio": "2.2.1",
          "NAudio.Core": "2.2.1",
          "Newtonsoft.Json": "13.0.1",
          "SharpCompress": "0.36.0"
        }
      },
      "ReactiveUI": {
        "type": "Transitive",
        "resolved": "18.3.1",
        "contentHash": "0tclGtjrRPfA2gbjiM7O3DeNmo6/TpDn7CMN6jgzDrbgrnysM7oEzjGEeXbtXaOxH6kEf6RiMKWobZoSgbBXhQ==",
        "dependencies": {
          "DynamicData": "7.9.5",
          "Splat": "14.4.1"
        }
      },
      "SharpCompress": {
        "type": "Transitive",
        "resolved": "0.36.0",
        "contentHash": "48am//T6Ou+GmyPmBaxaFN1ym0VNidRcBeANr9+OYTzpKRz8QMGzAkHVkCV30lFQ/gnWqGr50AuebahpG1C6xA==",
        "dependencies": {
          "ZstdSharp.Port": "0.7.4"
        }
      },
      "ShimSkiaSharp": {
        "type": "Transitive",
        "resolved": "2.0.0",
        "contentHash": "J+nzTe97Q19rzbCbTA8r6l1T89JP+XjMhaAOEHoE9FG7RiI/OkCuBY5JPlzNZoUYFXG3fBwlTMetPMkSCV8Kmw=="
      },
      "Silk.NET.Core": {
        "type": "Transitive",
        "resolved": "2.22.0",
        "contentHash": "XbDilPmvsQIrvxZkeVCNNX3LyRtA3hN6UykAiyZjlu/JkYh68U3WQummpP+j7jsxlX8s/pOrrU3vbN8LnMl0VA==",
        "dependencies": {
          "Microsoft.DotNet.PlatformAbstractions": "3.1.6",
          "Microsoft.Extensions.DependencyModel": "8.0.0"
        }
      },
      "Silk.NET.Maths": {
        "type": "Transitive",
        "resolved": "2.22.0",
        "contentHash": "W9b5UlUGCu5Ywb5f8ZyIWJ475ucY+mT/nEiSTo3JH098VxHaZS/02bYr9f29VWBaJhh3DwMkfxQvgTyXzTrHyw=="
      },
      "Silk.NET.SDL": {
        "type": "Transitive",
        "resolved": "2.22.0",
        "contentHash": "t73lM7RnEX7otXOblQ38zjDbGfdEseJKHGgIaFien9lKjGp1jg28RLEY+toUXT5kH0DzgXGIoYAs7AkcCFyyyg==",
        "dependencies": {
          "Silk.NET.Core": "2.22.0",
          "Silk.NET.Maths": "2.22.0",
          "Ultz.Native.SDL": "2.30.8"
        }
      },
      "SkiaSharp": {
        "type": "Transitive",
        "resolved": "2.88.9",
        "contentHash": "3MD5VHjXXieSHCleRLuaTXmL2pD0mB7CcOB1x2kA1I4bhptf4e3R27iM93264ZYuAq6mkUyX5XbcxnZvMJYc1Q==",
        "dependencies": {
          "SkiaSharp.NativeAssets.Win32": "2.88.9",
          "SkiaSharp.NativeAssets.macOS": "2.88.9"
        }
      },
      "SkiaSharp.NativeAssets.Linux": {
        "type": "Transitive",
        "resolved": "2.88.9",
        "contentHash": "cWSaJKVPWAaT/WIn9c8T5uT/l4ETwHxNJTkEOtNKjphNo8AW6TF9O32aRkxqw3l8GUdUo66Bu7EiqtFh/XG0Zg==",
        "dependencies": {
          "SkiaSharp": "2.88.9"
        }
      },
      "SkiaSharp.NativeAssets.macOS": {
        "type": "Transitive",
        "resolved": "2.88.9",
        "contentHash": "Nv5spmKc4505Ep7oUoJ5vp3KweFpeNqxpyGDWyeEPTX2uR6S6syXIm3gj75dM0YJz7NPvcix48mR5laqs8dPuA=="
      },
      "SkiaSharp.NativeAssets.WebAssembly": {
        "type": "Transitive",
        "resolved": "2.88.9",
        "contentHash": "kt06RccBHSnAs2wDYdBSfsjIDbY3EpsOVqnlDgKdgvyuRA8ZFDaHRdWNx1VHjGgYzmnFCGiTJBnXFl5BqGwGnA=="
      },
      "SkiaSharp.NativeAssets.Win32": {
        "type": "Transitive",
        "resolved": "2.88.9",
        "contentHash": "wb2kYgU7iy84nQLYZwMeJXixvK++GoIuECjU4ECaUKNuflyRlJKyiRhN1MAHswvlvzuvkrjRWlK0Za6+kYQK7w=="
      },
      "SkiaSharp.Svg": {
        "type": "Transitive",
        "resolved": "1.60.0",
        "contentHash": "rTneyM6mt0w2xCCampFlkO3mGFIwGEJo7L2X3JOdyeMCZDQkyqv7m9kZfA89kLSErXErFnY72TZsryzqTIiT7g==",
        "dependencies": {
          "SkiaSharp": "1.60.0"
        }
      },
      "Splat": {
        "type": "Transitive",
        "resolved": "14.4.1",
        "contentHash": "Z1Mncnzm9pNIaIbZ/EWH6x5ESnKsmAvu8HP4StBRw+yhz0lzE7LCbt22TNTPaFrYLYbYCbGQIc/61yuSnpLidg=="
      },
      "Svg.Custom": {
        "type": "Transitive",
        "resolved": "2.0.0",
        "contentHash": "YqPAdGu00Aru+VvO4BIKOSVWK+z8vciBhBtG6RSWL+wuIhhIM6OU9fw7bN1vti/oTWwfvaUmh0EKWxHKzzaotA==",
        "dependencies": {
          "ExCSS": "4.2.3"
        }
      },
      "Svg.Model": {
        "type": "Transitive",
        "resolved": "2.0.0",
        "contentHash": "YwdGhay2Wh2sc0WcoYlgiliajsf3utZMEXbm1Wu9LLpLk2rRVSA187p+xGs8pn2GYwLrjfBLWBevXTB4kxrzDg==",
        "dependencies": {
          "ShimSkiaSharp": "2.0.0",
          "Svg.Custom": "2.0.0"
        }
      },
      "System.ClientModel": {
        "type": "Transitive",
        "resolved": "1.1.0",
        "contentHash": "UocOlCkxLZrG2CKMAAImPcldJTxeesHnHGHwhJ0pNlZEvEXcWKuQvVOER2/NiOkJGRJk978SNdw3j6/7O9H1lg==",
        "dependencies": {
          "System.Memory.Data": "1.0.2"
        }
      },
      "System.Diagnostics.EventLog": {
        "type": "Transitive",
        "resolved": "6.0.0",
        "contentHash": "lcyUiXTsETK2ALsZrX+nWuHSIQeazhqPphLfaRxzdGaG93+0kELqpgEHtwWOlQe7+jSFnKwaCAgL4kjeZCQJnw=="
      },
      "System.Memory.Data": {
        "type": "Transitive",
        "resolved": "6.0.0",
        "contentHash": "ntFHArH3I4Lpjf5m4DCXQHJuGwWPNVJPaAvM95Jy/u+2Yzt2ryiyIN04LAogkjP9DeRcEOiviAjQotfmPq/FrQ=="
      },
      "System.Reactive": {
        "type": "Transitive",
        "resolved": "5.0.0",
        "contentHash": "erBZjkQHWL9jpasCE/0qKAryzVBJFxGHVBAvgRN1bzM0q2s1S4oYREEEL0Vb+1kA/6BKb5FjUZMp5VXmy+gzkQ=="
      },
      "Tmds.DBus.Protocol": {
        "type": "Transitive",
        "resolved": "0.21.2",
        "contentHash": "ScSMrUrrw8px4kK1Glh0fZv/HQUlg1078bNXNPfRPKQ3WbRzV9HpsydYEOgSoMK5LWICMf2bMwIFH0pGjxjcMA=="
      },
      "Ultz.Native.SDL": {
        "type": "Transitive",
        "resolved": "2.30.8",
        "contentHash": "akI6qe9zjA3T9Y5421cfHYKonIkV1rSr3Dgo5qOwxthXXRwTVsnJwb/Ap2x6/6BZcbhczeY+4aUw+2FYJF9LYw=="
      },
      "Vosk": {
        "type": "Transitive",
        "resolved": "0.3.38",
        "contentHash": "W/me6nwF7fq9uWVmqbmWvPx3DjhMSzb9D85IZa0FUg2PIxcWjfG55vYHBc+9xCuNL/zohIBRYTKiP4itnMU3ww=="
      },
      "xunit.abstractions": {
        "type": "Transitive",
        "resolved": "2.0.3",
        "contentHash": "pot1I4YOxlWjIb5jmwvvQNbTrZ3lJQ+jUGkGjWE3hEFM0l5gOnBWS+H3qsex68s5cO52g+44vpGzhAt+42vwKg=="
      },
      "xunit.analyzers": {
        "type": "Transitive",
        "resolved": "1.18.0",
        "contentHash": "OtFMHN8yqIcYP9wcVIgJrq01AfTxijjAqVDy/WeQVSyrDC1RzBWeQPztL49DN2syXRah8TYnfvk035s7L95EZQ=="
      },
      "xunit.assert": {
        "type": "Transitive",
        "resolved": "2.9.3",
        "contentHash": "/Kq28fCE7MjOV42YLVRAJzRF0WmEqsmflm0cfpMjGtzQ2lR5mYVj1/i0Y8uDAOLczkL3/jArrwehfMD0YogMAA=="
      },
      "xunit.core": {
        "type": "Transitive",
        "resolved": "2.9.3",
        "contentHash": "BiAEvqGvyme19wE0wTKdADH+NloYqikiU0mcnmiNyXaF9HyHmE6sr/3DC5vnBkgsWaE6yPyWszKSPSApWdRVeQ==",
        "dependencies": {
          "xunit.extensibility.core": "[2.9.3]",
          "xunit.extensibility.execution": "[2.9.3]"
        }
      },
      "xunit.extensibility.core": {
        "type": "Transitive",
        "resolved": "2.9.3",
        "contentHash": "kf3si0YTn2a8J8eZNb+zFpwfoyvIrQ7ivNk5ZYA5yuYk1bEtMe4DxJ2CF/qsRgmEnDr7MnW1mxylBaHTZ4qErA==",
        "dependencies": {
          "xunit.abstractions": "2.0.3"
        }
      },
      "xunit.extensibility.execution": {
        "type": "Transitive",
        "resolved": "2.9.3",
        "contentHash": "yMb6vMESlSrE3Wfj7V6cjQ3S4TXdXpRqYeNEI3zsX31uTsGMJjEw6oD5F5u1cHnMptjhEECnmZSsPxB6ChZHDQ==",
        "dependencies": {
          "xunit.extensibility.core": "[2.9.3]"
        }
      },
      "ZstdSharp.Port": {
        "type": "Transitive",
        "resolved": "0.7.4",
        "contentHash": "ziptnotpUJr51afwXJQ5Wc03dvDiZAdmxS08s1g7SHn/VzbyZUXdH6yORk/zaNjzUOEE6pVZ0Nqztab0rYROgQ=="
      },
      "avalonia.mcp.core": {
        "type": "Project",
        "dependencies": {
          "Avalonia": "[11.3.10, )",
          "Avalonia.Headless": "[11.3.10, )",
          "Microsoft.Extensions.DependencyInjection.Abstractions": "[10.0.1, )",
          "Microsoft.Extensions.Logging.Abstractions": "[10.0.1, )"
        }
      },
      "watchtower": {
        "type": "Project",
        "dependencies": {
          "Avalonia": "[11.3.10, )",
          "Avalonia.Desktop": "[11.3.10, )",
          "Avalonia.Diagnostics": "[11.3.10, )",
          "Avalonia.Fonts.Inter": "[11.3.10, )",
          "Avalonia.Mcp.Core": "[1.0.0, )",
          "Avalonia.Themes.Fluent": "[11.3.10, )",
          "FluentIcons.Avalonia.Fluent": "[2.0.316.1, )",
          "Iciclecreek.AdaptiveCards.Rendering.Avalonia": "[1.0.4, )",
          "Microsoft.CognitiveServices.Speech": "[1.47.0, )",
          "Microsoft.Extensions.Configuration": "[10.0.1, )",
          "Microsoft.Extensions.Configuration.Json": "[10.0.1, )",
          "Microsoft.Extensions.DependencyInjection": "[10.0.1, )",
          "Microsoft.Extensions.Logging": "[10.0.1, )",
          "Microsoft.Extensions.Logging.Console": "[10.0.1, )",
          "NAudio": "[2.2.1, )",
          "PiperSharp": "[1.0.6, )",
          "Silk.NET.SDL": "[2.22.0, )",
          "Vosk": "[0.3.38, )"
        }
      }
    }
  }
}