{
  "version": 1,
  "dependencies": {
    "net10.0": {
      "Avalonia": {
        "type": "Direct",
        "requested": "[11.3.11, )",
        "resolved": "11.3.11",
        "contentHash": "N+LjdoGLOD2Rio1JK0VlSMEB2opGZpq8/Vs5LV16eAnbjFeXdqY5uwmURFKb1rJ9McyMZQT3Kf2/DecmKqrLEw==",
        "dependencies": {
          "Avalonia.BuildServices": "11.3.2",
          "Avalonia.Remote.Protocol": "11.3.11",
          "MicroCom.Runtime": "0.11.0"
        }
      },
      "Avalonia.Headless": {
        "type": "Direct",
        "requested": "[11.3.11, )",
        "resolved": "11.3.11",
        "contentHash": "O/KDwAqHTytuKWB84AwUfwxmMEnL3m+3aexnYdsuP+kfs0DMg5+fM7vEKi8ZgJJpOxOc2pP3e4iB6jzkFP7AxA==",
        "dependencies": {
          "Avalonia": "11.3.11"
        }
      },
      "Microsoft.Extensions.DependencyInjection.Abstractions": {
        "type": "Direct",
        "requested": "[10.0.2, )",
        "resolved": "10.0.2",
        "contentHash": "zOIurr59+kUf9vNcsUkCvKWZv+fPosUZXURZesYkJCvl0EzTc9F7maAO4Cd2WEV7ZJJ0AZrFQvuH6Npph9wdBw=="
      },
      "Microsoft.Extensions.Logging.Abstractions": {
        "type": "Direct",
        "requested": "[10.0.2, )",
        "resolved": "10.0.2",
        "contentHash": "RZkez/JjpnO+MZ6efKkSynN6ZztLpw3WbxNzjLCPBd97wWj1S9ZYPWi0nmT4kWBRa6atHsdM1ydGkUr8GudyDQ==",
        "dependencies": {
          "Microsoft.Extensions.DependencyInjection.Abstractions": "10.0.2"
        }
      },
      "Avalonia.BuildServices": {
        "type": "Transitive",
        "resolved": "11.3.2",
        "contentHash": "qHDToxto1e3hci5YqbG9n0Ty8mlp3zBUN5wT66wKqaDVzXyQ0do3EnRILd4Ke9jpvsktaPpgE0YjEk7hornryQ=="
      },
      "Avalonia.Remote.Protocol": {
        "type": "Transitive",
        "resolved": "11.3.11",
        "contentHash": "kooZKlJb0DkzJYFzYTgChqAr+pOBq64FyNuvjpBLBmqTTTj/f+d7XyPvdNFgPsvyY3sa4X/W79t6hQnyWmM4zw=="
      },
      "MicroCom.Runtime": {
        "type": "Transitive",
        "resolved": "0.11.0",
        "contentHash": "MEnrZ3UIiH40hjzMDsxrTyi8dtqB5ziv3iBeeU4bXsL/7NLSal9F1lZKpK+tfBRnUoDSdtcW3KufE4yhATOMCA=="
      }
    }
  }
}