{
  "version": 1,
  "dependencies": {
    "net10.0": {
      "Avalonia": {
        "type": "Direct",
        "requested": "[11.3.14, )",
        "resolved": "11.3.14",
        "contentHash": "RcGp0iXRBqMrDRXOTUOn9OaUTx8NlukTdhuBmY9w5JmVreDtZRRErKwwiHPw+YjkbTHvhfFFNsu3Hhd+oJGIZQ==",
        "dependencies": {
          "Avalonia.BuildServices": "11.3.2",
          "Avalonia.Remote.Protocol": "11.3.14",
          "MicroCom.Runtime": "0.11.0"
        }
      },
      "Avalonia.Headless": {
        "type": "Direct",
        "requested": "[11.3.14, )",
        "resolved": "11.3.14",
        "contentHash": "6UzWJmk47XKutVmKZL6ZpFIxhs4Lb5mjfT9R9u4GXDrNDMC4C2YZR3CLR/A1J0yCwOJQJh04ISE59/jqc2U7ZA==",
        "dependencies": {
          "Avalonia": "11.3.14"
        }
      },
      "Microsoft.Extensions.DependencyInjection.Abstractions": {
        "type": "Direct",
        "requested": "[10.0.5, )",
        "resolved": "10.0.5",
        "contentHash": "iVMtq9eRvzyhx8949EGT0OCYJfXi737SbRVzWXE5GrOgGj5AaZ9eUuxA/BSUfmOMALKn/g8KfFaNQw0eiB3lyA=="
      },
      "Microsoft.Extensions.Logging.Abstractions": {
        "type": "Direct",
        "requested": "[10.0.5, )",
        "resolved": "10.0.5",
        "contentHash": "9HOdqlDtPptVcmKAjsQ/Nr5Rxfq6FMYLdhvZh1lVmeKR738qeYecQD7+ldooXf+u2KzzR1kafSphWngIM3C6ug==",
        "dependencies": {
          "Microsoft.Extensions.DependencyInjection.Abstractions": "10.0.5"
        }
      },
      "Avalonia.BuildServices": {
        "type": "Transitive",
        "resolved": "11.3.2",
        "contentHash": "qHDToxto1e3hci5YqbG9n0Ty8mlp3zBUN5wT66wKqaDVzXyQ0do3EnRILd4Ke9jpvsktaPpgE0YjEk7hornryQ=="
      },
      "Avalonia.Remote.Protocol": {
        "type": "Transitive",
        "resolved": "11.3.14",
        "contentHash": "P4QPwf9VQt4CjntmfGo8uL+S1RaVbTlcFgECSFIWN3AWc/IbKs76tbZ6ibpdFg1C+IKubBPQ+hUeUq7MrBIWDA=="
      },
      "MicroCom.Runtime": {
        "type": "Transitive",
        "resolved": "0.11.0",
        "contentHash": "MEnrZ3UIiH40hjzMDsxrTyi8dtqB5ziv3iBeeU4bXsL/7NLSal9F1lZKpK+tfBRnUoDSdtcW3KufE4yhATOMCA=="
      }
    }
  }
}