{
  "version": 1,
  "dependencies": {
    "net10.0": {
      "Avalonia": {
        "type": "Direct",
        "requested": "[12.0.2, )",
        "resolved": "12.0.2",
        "contentHash": "852xwfNNAUWE+aKWFackMALAKofcpKnM2g4PN8VKfxG1SO8Stlih7d6QFCbjQl46vuR9WBw/ZVGwn4Ovbj/oxQ==",
        "dependencies": {
          "Avalonia.BuildServices": "11.3.2",
          "Avalonia.Remote.Protocol": "12.0.2",
          "MicroCom.Runtime": "0.11.4"
        }
      },
      "Avalonia.Desktop": {
        "type": "Direct",
        "requested": "[12.0.2, )",
        "resolved": "12.0.2",
        "contentHash": "7Hs7AsEoLh4UHNZnwaAZ5d4db2X0BjdLePuev526tm2ZJIOZGLUxKHvY1GcrWIDO9NBw4Iu3WXBUvsFPZ6vXlQ==",
        "dependencies": {
          "Avalonia": "12.0.2",
          "Avalonia.HarfBuzz": "12.0.2",
          "Avalonia.Native": "12.0.2",
          "Avalonia.Skia": "12.0.2",
          "Avalonia.Win32": "12.0.2",
          "Avalonia.X11": "12.0.2"
        }
      },
      "Avalonia.Diagnostics": {
        "type": "Direct",
        "requested": "[11.3.14, )",
        "resolved": "11.3.14",
        "contentHash": "AGItOFZ5FU+nv30UjffC0/TQvuFqzvjOsgRVBD70pmcA14VV/lKo2mVDJNYupf4lJIPdopo1Vq7jaX+8z8UE2w==",
        "dependencies": {
          "Avalonia": "11.3.14",
          "Avalonia.Controls.ColorPicker": "11.3.14",
          "Avalonia.Themes.Simple": "11.3.14"
        }
      },
      "Avalonia.Fonts.Inter": {
        "type": "Direct",
        "requested": "[11.3.14, )",
        "resolved": "11.3.14",
        "contentHash": "cKF53h6FPqbdMFOqaqNnEsUVWVsEQbjohcEmmzaGmfT/Pr4O3Xm2eStqzzQmB4X3UesW4jIgIMBwf/Yoox8arg==",
        "dependencies": {
          "Avalonia": "11.3.14"
        }
      },
      "Avalonia.Themes.Fluent": {
        "type": "Direct",
        "requested": "[11.3.14, )",
        "resolved": "11.3.14",
        "contentHash": "meVY25MJjBkAmZd4GJGOrpiqSgbEyTeFXjR9SF8aaZsq9BXDaiZz61+Ivvu7bEta12hmnx8AaVnOSdKo/qkT9g==",
        "dependencies": {
          "Avalonia": "11.3.14"
        }
      },
      "FluentIcons.Avalonia.Fluent": {
        "type": "Direct",
        "requested": "[2.0.325, )",
        "resolved": "2.0.325",
        "contentHash": "sPR7HU80w852I/lyQ+ZTNwy4vqrT6Xm0SromOatzitaB+BZSo6O/WEjlNLNZNp9/QTAAwbY0OxrNDllaJPWrWQ==",
        "dependencies": {
          "FluentAvaloniaUI": "2.0.0",
          "FluentIcons.Common": "[2.1.325]",
          "FluentIcons.Resources.Avalonia": "[2.0.325]"
        }
      },
      "Iciclecreek.AdaptiveCards.Rendering.Avalonia": {
        "type": "Direct",
        "requested": "[1.0.4, )",
        "resolved": "1.0.4",
        "contentHash": "+gUZl19N9T1thgpLxjtbm9z4P+erXUJZCfH/n65EpPrpK/VITFkCHQUIJSBwSG5oahQdjLfOxOIYqlkiffZk5w==",
        "dependencies": {
          "AdaptiveCards": "3.1.0",
          "AsyncImageLoader.Avalonia": "3.2.1",
          "Avalonia": "11.1.1",
          "Avalonia.Markup.Xaml.Loader": "11.1.1",
          "Avalonia.ReactiveUI": "11.1.1",
          "Avalonia.Svg": "11.1.0",
          "Iciclecreek.Avalonia.Controls.Media": "1.0.5",
          "SkiaSharp.Svg": "1.60.0"
        }
      },
      "Meziantou.Framework.Win32.CredentialManager": {
        "type": "Direct",
        "requested": "[1.7.18, )",
        "resolved": "1.7.18",
        "contentHash": "+rcvMXmecrTzKEVxLZdi64U2ghOdzj3MfZF5/HjYWixXyWK5pTDFne1SwnXEHCi8Jwgza8aUHiY0B0NsQlTsDg=="
      },
      "Microsoft.CognitiveServices.Speech": {
        "type": "Direct",
        "requested": "[1.49.1, )",
        "resolved": "1.49.1",
        "contentHash": "3DxbTf7brlbyzDTp4zexvhykkMURZs8psFpewLfTfOnJL8WTKLWqlyjoGvQchM/PZxHI02AvyGRbVWLBkRNSZQ==",
        "dependencies": {
          "Azure.Core": "1.44.1"
        }
      },
      "Microsoft.Extensions.Configuration": {
        "type": "Direct",
        "requested": "[10.0.7, )",
        "resolved": "10.0.7",
        "contentHash": "wZbGh7J8R1vXN525O6d8dlcDTxhRTnd5MyW4LdfP5S0tSnTwTCseYSrq6g0Mxh7W9xn8P/2xPuf0D/m6k2dy2w==",
        "dependencies": {
          "Microsoft.Extensions.Configuration.Abstractions": "10.0.7",
          "Microsoft.Extensions.Primitives": "10.0.7"
        }
      },
      "Microsoft.Extensions.Configuration.Json": {
        "type": "Direct",
        "requested": "[10.0.7, )",
        "resolved": "10.0.7",
        "contentHash": "64dimvyyKk0dbUbrLg/YCv4ugJ4sVz2aXLwfvZwR1EC4tJqW9ru/oVRcXwoJRa2lQGXtYtlpk4maWOeIb48tQw==",
        "dependencies": {
          "Microsoft.Extensions.Configuration": "10.0.7",
          "Microsoft.Extensions.Configuration.Abstractions": "10.0.7",
          "Microsoft.Extensions.Configuration.FileExtensions": "10.0.7",
          "Microsoft.Extensions.FileProviders.Abstractions": "10.0.7"
        }
      },
      "Microsoft.Extensions.DependencyInjection": {
        "type": "Direct",
        "requested": "[10.0.7, )",
        "resolved": "10.0.7",
        "contentHash": "91F/o3emPV/+xY/ip3s2LqDNF14kjttlVtq0BXgg6p4MnCzeSZxnUJm+t6WRrtD3JdGo88/oX+z7OwK4y8PZuw==",
        "dependencies": {
          "Microsoft.Extensions.DependencyInjection.Abstractions": "10.0.7"
        }
      },
      "Microsoft.Extensions.Logging": {
        "type": "Direct",
        "requested": "[10.0.7, )",
        "resolved": "10.0.7",
        "contentHash": "hOeRIQ63GkgiYCB/MIFp+LQs8aXpJXpB55t6Aj37ab7t2/6WeFcPXxYM9hdy/o5tffzwf8mhqzLJP6mjGYCxjw==",
        "dependencies": {
          "Microsoft.Extensions.DependencyInjection": "10.0.7",
          "Microsoft.Extensions.Logging.Abstractions": "10.0.7",
          "Microsoft.Extensions.Options": "10.0.7"
        }
      },
      "Microsoft.Extensions.Logging.Console": {
        "type": "Direct",
        "requested": "[10.0.7, )",
        "resolved": "10.0.7",
        "contentHash": "DA++Es6v6W0HfrOrw+K8WyN6jNnZHp640PDdEvl8yfeVmgflKdn6vSSFvufNUSOuY+M2ZaSUgfY+jUKtNpXcCw==",
        "dependencies": {
          "Microsoft.Extensions.DependencyInjection.Abstractions": "10.0.7",
          "Microsoft.Extensions.Logging": "10.0.7",
          "Microsoft.Extensions.Logging.Abstractions": "10.0.7",
          "Microsoft.Extensions.Logging.Configuration": "10.0.7",
          "Microsoft.Extensions.Options": "10.0.7"
        }
      },
      "Microsoft.NET.ILLink.Tasks": {
        "type": "Direct",
        "requested": "[10.0.3, )",
        "resolved": "10.0.3",
        "contentHash": "0B6nZyCHWXnvmlB559oduOspVdNOnpNXPjhpWVMovLPAsDVG7A4jJR9rzECf67JUzxP8/ee/wA8clwIzJcWNFA=="
      },
      "NAudio": {
        "type": "Direct",
        "requested": "[2.3.0, )",
        "resolved": "2.3.0",
        "contentHash": "xN+Lzlu9DmXqBiL6XkP0VZmgTxZPdSGjVSWtKG9HKuar3LhIYNOIYQETieigS+QDS+nrs1QmHbBWWOru0nWA5A==",
        "dependencies": {
          "NAudio.Asio": "2.3.0",
          "NAudio.Core": "2.3.0",
          "NAudio.Midi": "2.3.0",
          "NAudio.Wasapi": "2.3.0",
          "NAudio.WinMM": "2.3.0"
        }
      },
      "PiperSharp": {
        "type": "Direct",
        "requested": "[1.0.6, )",
        "resolved": "1.0.6",
        "contentHash": "g68TbampKc0ATx80nur6LHHrhIpXvmioIVuwAuWKcjTXTB2tf+Klk4JPwzWZRo+DRSR4kS370eh+davEQVR0cw==",
        "dependencies": {
          "NAudio": "2.2.1",
          "NAudio.Core": "2.2.1",
          "Newtonsoft.Json": "13.0.1",
          "SharpCompress": "0.36.0"
        }
      },
      "Silk.NET.SDL": {
        "type": "Direct",
        "requested": "[2.23.0, )",
        "resolved": "2.23.0",
        "contentHash": "M9HAplL9/BUAP1IWlxPq+5xWDgXcMqQNXiqFi9elbUBQPaS8TW35lMsB95/lPT5uIi+Y83OpEozJlgkp2goKjg==",
        "dependencies": {
          "Silk.NET.Core": "2.23.0",
          "Silk.NET.Maths": "2.23.0",
          "Ultz.Native.SDL": "2.32.10"
        }
      },
      "Vosk": {
        "type": "Direct",
        "requested": "[0.3.38, )",
        "resolved": "0.3.38",
        "contentHash": "W/me6nwF7fq9uWVmqbmWvPx3DjhMSzb9D85IZa0FUg2PIxcWjfG55vYHBc+9xCuNL/zohIBRYTKiP4itnMU3ww=="
      },
      "AdaptiveCards": {
        "type": "Transitive",
        "resolved": "3.1.0",
        "contentHash": "b+sPwH0oyAflpgxCyNPMzH92xrQjWl6GuuEBv86/VhO6iHhiWv+PtwzqMS70nOXZQRzpl9YVHXAvn+dKot5IBQ==",
        "dependencies": {
          "Newtonsoft.Json": "13.0.3"
        }
      },
      "AsyncImageLoader.Avalonia": {
        "type": "Transitive",
        "resolved": "3.2.1",
        "contentHash": "m5q7mbGZ2s3gqQPYmzGQ4YjT/+CWAP1xHxWxuSSqbwdTVAZk86HYCHvrTCR6TxeXvkWafvTMuwJamooeEfeQQw==",
        "dependencies": {
          "Avalonia": "11.0.0"
        }
      },
      "Avalonia.Angle.Windows.Natives": {
        "type": "Transitive",
        "resolved": "2.1.25547.20250602",
        "contentHash": "ZL0VLc4s9rvNNFt19Pxm5UNAkmKNylugAwJPX9ulXZ6JWs/l6XZihPWWTyezaoNOVyEPU8YbURtW7XMAtqXH5A=="
      },
      "Avalonia.BuildServices": {
        "type": "Transitive",
        "resolved": "11.3.2",
        "contentHash": "qHDToxto1e3hci5YqbG9n0Ty8mlp3zBUN5wT66wKqaDVzXyQ0do3EnRILd4Ke9jpvsktaPpgE0YjEk7hornryQ=="
      },
      "Avalonia.Controls.ColorPicker": {
        "type": "Transitive",
        "resolved": "11.3.14",
        "contentHash": "weDk+0kMo5kOcukRH/eIiHvkeG+/LrfHwSl2XvGjSN6S610Syg3o8SF3gjAWHV0OpeD1BdlnrCX6idU6qigm5g==",
        "dependencies": {
          "Avalonia": "11.3.14",
          "Avalonia.Remote.Protocol": "11.3.14"
        }
      },
      "Avalonia.Controls.DataGrid": {
        "type": "Transitive",
        "resolved": "11.0.0",
        "contentHash": "bUEsP11CPoI0BtMW9c0MP9zqTHePSGpYIYM7dndD9+bUEHZfhD7Af8Uw/+GeBbmRu1tm4xLGefcq0O9zmEKrqA==",
        "dependencies": {
          "Avalonia": "11.0.0",
          "Avalonia.Remote.Protocol": "11.0.0"
        }
      },
      "Avalonia.Controls.ItemsRepeater": {
        "type": "Transitive",
        "resolved": "11.0.0",
        "contentHash": "5H1X+UUMUOrECli+BSrDCc38doYABRUy54mRCGeFBtGqGtnwz+Mx1aj7rDsXGzzItxS4QDSfQTQJsRVpRC9grA==",
        "dependencies": {
          "Avalonia": "11.0.0"
        }
      },
      "Avalonia.FreeDesktop": {
        "type": "Transitive",
        "resolved": "12.0.2",
        "contentHash": "KHionmetHeH7g4M653eNPD+GKFHTpX0xd6daBt+Gj03Y9ztEjD4B/P34bCrG81f+KK8evcx3ZygAC79O4M05GQ==",
        "dependencies": {
          "Avalonia": "12.0.2",
          "Tmds.DBus.Protocol": "0.92.0"
        }
      },
      "Avalonia.FreeDesktop.AtSpi": {
        "type": "Transitive",
        "resolved": "12.0.2",
        "contentHash": "tuo8ry4mFhns6p31RHvCTineppfc8cI0i6J8ifEnmQ5FSHVATTna1tBjyi26ri8qPEX6nmcVgifKTewfpZEMmw==",
        "dependencies": {
          "Avalonia": "12.0.2"
        }
      },
      "Avalonia.HarfBuzz": {
        "type": "Transitive",
        "resolved": "12.0.2",
        "contentHash": "HGqFe/HmWHQGvwtji7827/RDtEgQxvm3zdnCFl/P6XAwnqek8MoJpnISRTid76XzTBDtNlVqp7qjOujSIE0QCw==",
        "dependencies": {
          "Avalonia": "12.0.2",
          "HarfBuzzSharp": "8.3.1.3",
          "HarfBuzzSharp.NativeAssets.Linux": "8.3.1.3",
          "HarfBuzzSharp.NativeAssets.WebAssembly": "8.3.1.3"
        }
      },
      "Avalonia.Headless": {
        "type": "Transitive",
        "resolved": "11.3.14",
        "contentHash": "6UzWJmk47XKutVmKZL6ZpFIxhs4Lb5mjfT9R9u4GXDrNDMC4C2YZR3CLR/A1J0yCwOJQJh04ISE59/jqc2U7ZA==",
        "dependencies": {
          "Avalonia": "11.3.14"
        }
      },
      "Avalonia.Markup.Xaml.Loader": {
        "type": "Transitive",
        "resolved": "11.1.1",
        "contentHash": "K3WldD+LQhfqPhgRk25DkdL3hV676bqkXCq2dxxOES/ZtTX+dQR6MO9Hbk1t9FLOKIgpN57mkO3/mI7COGbipw==",
        "dependencies": {
          "Avalonia": "11.1.1"
        }
      },
      "Avalonia.Native": {
        "type": "Transitive",
        "resolved": "12.0.2",
        "contentHash": "ar8S5eXQY8ttZ3YG5dbtinbC2ltybJU89iwgkpAlLKkV3V7u+4ZXX13o6ilplVyd1lVVSfXgOMvfSMnKQm02Bg==",
        "dependencies": {
          "Avalonia": "12.0.2"
        }
      },
      "Avalonia.ReactiveUI": {
        "type": "Transitive",
        "resolved": "11.1.1",
        "contentHash": "/X+g+3V8JB9P0xyLBLNSj3X0CQ0q7Nlq/xWtcChMa8FvDdPC4TwRv+p/rjSt6iPxRJoXh9SBVaQe6Uk4IKXe6Q==",
        "dependencies": {
          "Avalonia": "11.1.1",
          "ReactiveUI": "18.3.1",
          "System.Reactive": "5.0.0"
        }
      },
      "Avalonia.Remote.Protocol": {
        "type": "Transitive",
        "resolved": "12.0.2",
        "contentHash": "mlKTvn0cAEQVkRMJunLzDNugZRbtZIksT5yu+XgcAlOvqTHGyZY+mGP+4/+1IwakZx9nrz6SGwI5yrzNT5g0TQ=="
      },
      "Avalonia.Skia": {
        "type": "Transitive",
        "resolved": "12.0.2",
        "contentHash": "rtnB7M3VymQY4ErpPMot37bNoZ67mTk4tCb1mJjQCnTkCYgTx/o0yDvPPBFgLZAmcmHp00BxT5w12GkXTQjDMQ==",
        "dependencies": {
          "Avalonia": "12.0.2",
          "HarfBuzzSharp": "8.3.1.3",
          "HarfBuzzSharp.NativeAssets.Linux": "8.3.1.3",
          "HarfBuzzSharp.NativeAssets.WebAssembly": "8.3.1.3",
          "SkiaSharp": "3.119.4-preview.1.1",
          "SkiaSharp.NativeAssets.Linux": "3.119.4-preview.1.1",
          "SkiaSharp.NativeAssets.WebAssembly": "3.119.4-preview.1.1"
        }
      },
      "Avalonia.Svg": {
        "type": "Transitive",
        "resolved": "11.1.0",
        "contentHash": "zvjccY9IhEZTaC/sx8zfdU1PVtiVI8PVPt9QTYzaKyrNR+QY82aIy1f3x50CG9jyNCmBtRycd4ZZn0qDn19k+A==",
        "dependencies": {
          "Avalonia": "11.1.0",
          "Svg.Model": "2.0.0"
        }
      },
      "Avalonia.Themes.Simple": {
        "type": "Transitive",
        "resolved": "11.3.14",
        "contentHash": "Mqs6SmyXBJOrIj+Hf4YnhqsqEGPdvS0XZ+SNNwaYD+17P9UY/JVxztG49UJQnBT58cWovuy9omL0CVCQKhQuTw==",
        "dependencies": {
          "Avalonia": "11.3.14"
        }
      },
      "Avalonia.Win32": {
        "type": "Transitive",
        "resolved": "12.0.2",
        "contentHash": "gVUm4hyUvrFlocL0ycPZGAiN2TQhTv7vTa1I2nRkq/G/h6b5hKNoURjGfnZnXuPK3OnRENGPJjvZ+A9+0d5Jsg==",
        "dependencies": {
          "Avalonia": "12.0.2",
          "Avalonia.Angle.Windows.Natives": "2.1.25547.20250602"
        }
      },
      "Avalonia.X11": {
        "type": "Transitive",
        "resolved": "12.0.2",
        "contentHash": "FXFYfqjYYUAWqtgxEQl1cUWsH61GwTUojbRWURfmPAGcYYbm+2djrSOki5ppzAKKcm5lOmjoafYaeti39bSGQA==",
        "dependencies": {
          "Avalonia": "12.0.2",
          "Avalonia.FreeDesktop": "12.0.2",
          "Avalonia.FreeDesktop.AtSpi": "12.0.2",
          "Avalonia.Skia": "12.0.2"
        }
      },
      "Azure.Core": {
        "type": "Transitive",
        "resolved": "1.44.1",
        "contentHash": "YyznXLQZCregzHvioip07/BkzjuWNXogJEVz9T5W6TwjNr17ax41YGzYMptlo2G10oLCuVPoyva62y0SIRDixg==",
        "dependencies": {
          "Microsoft.Bcl.AsyncInterfaces": "6.0.0",
          "System.ClientModel": "1.1.0",
          "System.Memory.Data": "6.0.0"
        }
      },
      "CSharpFunctionalExtensions": {
        "type": "Transitive",
        "resolved": "2.40.3",
        "contentHash": "G+t+bf39aixVFN3O3Q5LoE0zy3o8QlV3mv3ATw76XwDRWkE9eFRLzZdx9HH9fgbPpasfP4kr8cnnXIP+Z7GcrQ=="
      },
      "DynamicData": {
        "type": "Transitive",
        "resolved": "7.9.5",
        "contentHash": "xFwVha7o3qUtVYxco5p+7Urcztc/m1gmaEUxOG0i7LNe+vfCfyb0ECAsT2FLm3zOPHb0g8s9qVu5LfPKfRNVng==",
        "dependencies": {
          "System.Reactive": "5.0.0"
        }
      },
      "ExCSS": {
        "type": "Transitive",
        "resolved": "4.2.3",
        "contentHash": "SyeAfu2wL5247sipJoPUzQfjiwQtfSd8hN4IbgoyVcDx4PP6Dud4znwPRibWQzLtTlUxYYcbf5f4p+EfFC7KtQ=="
      },
      "FluentAvaloniaUI": {
        "type": "Transitive",
        "resolved": "2.0.0",
        "contentHash": "JKFJe/RUDeqfP6ZrUsHpIpFbo3pJ89X4z28SZCFEN9UQ4VSHyDtTg7j3TELLK086Hb9IioMzMsIBN60oruXz0Q==",
        "dependencies": {
          "Avalonia": "11.0.0",
          "Avalonia.Controls.ColorPicker": "11.0.0",
          "Avalonia.Controls.DataGrid": "11.0.0",
          "Avalonia.Controls.ItemsRepeater": "11.0.0",
          "Avalonia.Skia": "11.0.0",
          "MicroCom.CodeGenerator.MSBuild": "0.11.0",
          "MicroCom.Runtime": "0.11.0"
        }
      },
      "FluentIcons.Avalonia": {
        "type": "Transitive",
        "resolved": "1.1.223",
        "contentHash": "HGnlhdc4z7yMJiQERTSuVHPNMObJwfxnXjQb9E6nqm4bxmLR+XJbHXHopdfK4gu3Ymtq0kPwdTlNq+kRkpA2UQ==",
        "dependencies": {
          "Avalonia": "11.0.0",
          "FluentIcons.Common": "[1.1.223]"
        }
      },
      "FluentIcons.Common": {
        "type": "Transitive",
        "resolved": "2.1.325",
        "contentHash": "aM9/X5pYZ+QTR+7E8M13nHQlLVQrUFav2WVB3Y1RnTu3/S4fN4ElvmdkUJ6/7krwtJE/2g8bbHZ1AscM2DBvxw=="
      },
      "FluentIcons.Resources.Avalonia": {
        "type": "Transitive",
        "resolved": "2.0.325",
        "contentHash": "nXpgWLLwlzcoA1RgRcKOjUr/HywlPdiRU0HcWblj8DQsF8w+Mt0v+M6Q6yzq3eUC7o+qcaVjQphnDkFm24088A==",
        "dependencies": {
          "Avalonia": "11.0.0",
          "FluentIcons.Common": "[2.1.325]"
        }
      },
      "HarfBuzzSharp": {
        "type": "Transitive",
        "resolved": "8.3.1.3",
        "contentHash": "NGZ2+ZVNPM+NdHB/asW0/ykWngyHWwcqjrbN2nDeH1B/aptPGlCUl8wkQ2cSJxw5fdWgdmIPmNuTPWpLwNVXWg==",
        "dependencies": {
          "HarfBuzzSharp.NativeAssets.Win32": "8.3.1.3",
          "HarfBuzzSharp.NativeAssets.macOS": "8.3.1.3"
        }
      },
      "HarfBuzzSharp.NativeAssets.Linux": {
        "type": "Transitive",
        "resolved": "8.3.1.3",
        "contentHash": "RI6A1LgmooU30+4QIyFt5rmBCzP0VzTR+587IJSGvYIsHHWlahFufihYxtraLfsIhW7I8dn6+xX+DZGygOPKWQ=="
      },
      "HarfBuzzSharp.NativeAssets.macOS": {
        "type": "Transitive",
        "resolved": "8.3.1.3",
        "contentHash": "KPTq0xnslkI6nAo0jh3ptcQPJvZZr7MWYXa2jUe4SnHc9q+JlHElmNXp0sfFoiTgoCX7WOYpYsurypuH9Gehxw=="
      },
      "HarfBuzzSharp.NativeAssets.WebAssembly": {
        "type": "Transitive",
        "resolved": "8.3.1.3",
        "contentHash": "w2QfdNm9Uz/sUa0B5D+OnVQhyq3G/fBq6ibQMdWBlQqqwh0g0/5j3RFvYqZAmRZ5+RzvjVe8o8SFFnWYUSkuxA=="
      },
      "HarfBuzzSharp.NativeAssets.Win32": {
        "type": "Transitive",
        "resolved": "8.3.1.3",
        "contentHash": "bx8CE8Js+XGX8PUxAHCBDEORt5aaBYtMN4Hr9QFs57Xithh6yjUyYqksizH6eRDhJkwsGI+SXWmPmMm8lZC9Pw=="
      },
      "Iciclecreek.Avalonia.Controls.Media": {
        "type": "Transitive",
        "resolved": "1.0.5",
        "contentHash": "lv2tftVDHcc54KzZAaswfWD3kjHla5JL/+JBr3EkW08/z+RcuFDATaFaNJrPLzdpfN8gtHYgvDy8D8+b3COAxA==",
        "dependencies": {
          "Avalonia": "11.0.5",
          "Avalonia.ReactiveUI": "11.0.5",
          "CSharpFunctionalExtensions": "2.40.3",
          "FluentIcons.Avalonia": "1.1.223",
          "LibVLCSharp": "3.8.2"
        }
      },
      "LibVLCSharp": {
        "type": "Transitive",
        "resolved": "3.8.2",
        "contentHash": "P61Pkc+2GgX9PGJmm0MTVYKh0zPbak25rkyb5MU8Vq7x/VgFV/0h3L2bP7H4Oz5sfmm03H8T010cqEKQVA4Jew=="
      },
      "MicroCom.CodeGenerator.MSBuild": {
        "type": "Transitive",
        "resolved": "0.11.0",
        "contentHash": "CiRuIIvycn7RqT7p72+JdJsw1/No/1nc0Vs45Qkbvkn/uryWU57dGAUaqy9p2trRDvbsRBdQgF1hWLNUpgUSQw=="
      },
      "MicroCom.Runtime": {
        "type": "Transitive",
        "resolved": "0.11.4",
        "contentHash": "yZ8+Lgwo+KtRI29TB2mIOEMzV+csMJ+pKZg4YHReAP3vRewWLKKeYfrBDo5FS69rWnEbCfU3sbM+ZEQr+GDLtg=="
      },
      "Microsoft.Bcl.AsyncInterfaces": {
        "type": "Transitive",
        "resolved": "6.0.0",
        "contentHash": "UcSjPsst+DfAdJGVDsu346FX0ci0ah+lw3WRtn18NUwEqRt70HaOQ7lI72vy3+1LxtqI3T5GWwV39rQSrCzAeg=="
      },
      "Microsoft.DotNet.PlatformAbstractions": {
        "type": "Transitive",
        "resolved": "3.1.6",
        "contentHash": "jek4XYaQ/PGUwDKKhwR8K47Uh1189PFzMeLqO83mXrXQVIpARZCcfuDedH50YDTepBkfijCZN5U/vZi++erxtg=="
      },
      "Microsoft.Extensions.Configuration.Abstractions": {
        "type": "Transitive",
        "resolved": "10.0.7",
        "contentHash": "t56nEgvECcyLPojZIUFWJknQQDAbgfTf9J+QMYJE1YYvVgz69vN6B/AKL8Grvj3Lcnp8kTpNqwmwFhb3YLJmtQ==",
        "dependencies": {
          "Microsoft.Extensions.Primitives": "10.0.7"
        }
      },
      "Microsoft.Extensions.Configuration.Binder": {
        "type": "Transitive",
        "resolved": "10.0.7",
        "contentHash": "8bS1qIaRivny+WX+49pmeJ6iAylbtX8C0DLEcCQWZjdxQvLqaMssXiGD9P/6pYElrHbK5/nAHmjbQ8STqdMYeg==",
        "dependencies": {
          "Microsoft.Extensions.Configuration": "10.0.7",
          "Microsoft.Extensions.Configuration.Abstractions": "10.0.7"
        }
      },
      "Microsoft.Extensions.Configuration.FileExtensions": {
        "type": "Transitive",
        "resolved": "10.0.7",
        "contentHash": "qbZLvLsoTdArSloEnSxs21P781YUmwVmHc5NJPQD/ezAreQ7884z+6QfAZVKi86WAZtzx83jK2uC4itxOM44gQ==",
        "dependencies": {
          "Microsoft.Extensions.Configuration": "10.0.7",
          "Microsoft.Extensions.Configuration.Abstractions": "10.0.7",
          "Microsoft.Extensions.FileProviders.Abstractions": "10.0.7",
          "Microsoft.Extensions.FileProviders.Physical": "10.0.7",
          "Microsoft.Extensions.Primitives": "10.0.7"
        }
      },
      "Microsoft.Extensions.DependencyInjection.Abstractions": {
        "type": "Transitive",
        "resolved": "10.0.7",
        "contentHash": "Z6mfFEaFcwCfSboxJwOLfu7/31npCY9q70WUamHW/vRQhDvBKOT4Vf9YkZj5J6hLvJpb0oDEYfHunQZj0xxvKw=="
      },
      "Microsoft.Extensions.DependencyModel": {
        "type": "Transitive",
        "resolved": "9.0.9",
        "contentHash": "fNGvKct2De8ghm0Bpfq0iWthtzIWabgOTi+gJhNOPhNJIowXNEUE2eZNW/zNCzrHVA3PXg2yZ+3cWZndC2IqYA=="
      },
      "Microsoft.Extensions.FileProviders.Abstractions": {
        "type": "Transitive",
        "resolved": "10.0.7",
        "contentHash": "teioDgVpi8L186wUfrXQV1YuBt6lCSPmFZiMZo53+FZxHFjOV+f4GXo4LXgJ273Mku9//AdXWVjk9J7eJP6inw==",
        "dependencies": {
          "Microsoft.Extensions.Primitives": "10.0.7"
        }
      },
      "Microsoft.Extensions.FileProviders.Physical": {
        "type": "Transitive",
        "resolved": "10.0.7",
        "contentHash": "zhgWg/i0ECj5v0jLFBSZHplvc5ygCI91DR4nne+BP4XAKF5ycz0pEKnFiTw8C1jCABJEZsnBZh6pXAvn71kFmw==",
        "dependencies": {
          "Microsoft.Extensions.FileProviders.Abstractions": "10.0.7",
          "Microsoft.Extensions.FileSystemGlobbing": "10.0.7",
          "Microsoft.Extensions.Primitives": "10.0.7"
        }
      },
      "Microsoft.Extensions.FileSystemGlobbing": {
        "type": "Transitive",
        "resolved": "10.0.7",
        "contentHash": "NTUspqB+vH9g4wAD6KPOBx01xqYuKXR/cHXm449zpbq1GqfjdAxBmg7eJXrNsPw7SKwIdT2cJ05GxYVvc+lvsA=="
      },
      "Microsoft.Extensions.Logging.Abstractions": {
        "type": "Transitive",
        "resolved": "10.0.7",
        "contentHash": "tIEcQ2gvERrH2KiCjdsVcHGhXt9lIsuDStfOIeZWr7/fP8IXhGiYfx0/80PNI7WPO2IYuFtlZLSlnTS8+/Mchw==",
        "dependencies": {
          "Microsoft.Extensions.DependencyInjection.Abstractions": "10.0.7"
        }
      },
      "Microsoft.Extensions.Logging.Configuration": {
        "type": "Transitive",
        "resolved": "10.0.7",
        "contentHash": "7BBnoGF37USiu7j434put9mDp7EjdlNDIZsR4vHfC1FbLZeLqiWjgJbeEtF0p59Ryqt8AtraHawf0ZKbe5jibg==",
        "dependencies": {
          "Microsoft.Extensions.Configuration": "10.0.7",
          "Microsoft.Extensions.Configuration.Abstractions": "10.0.7",
          "Microsoft.Extensions.Configuration.Binder": "10.0.7",
          "Microsoft.Extensions.DependencyInjection.Abstractions": "10.0.7",
          "Microsoft.Extensions.Logging": "10.0.7",
          "Microsoft.Extensions.Logging.Abstractions": "10.0.7",
          "Microsoft.Extensions.Options": "10.0.7",
          "Microsoft.Extensions.Options.ConfigurationExtensions": "10.0.7"
        }
      },
      "Microsoft.Extensions.Options": {
        "type": "Transitive",
        "resolved": "10.0.7",
        "contentHash": "00SHUGTh2jSMvIr6x9Xwd2nE+B5/qFCO/9hDwUDhJsjYRDlADmaBZ7tqehXzBDsfjHSXJzuRHJzPYPPjphBQ7Q==",
        "dependencies": {
          "Microsoft.Extensions.DependencyInjection.Abstractions": "10.0.7",
          "Microsoft.Extensions.Primitives": "10.0.7"
        }
      },
      "Microsoft.Extensions.Options.ConfigurationExtensions": {
        "type": "Transitive",
        "resolved": "10.0.7",
        "contentHash": "IT7f+EMXZtkjatEcF+o6aOw/7OE4etRrMiDGEWH/iiTu2R3uhC4NEQJCfHiibtX45U3sIQ5Fh6tbb1qaOz3YAg==",
        "dependencies": {
          "Microsoft.Extensions.Configuration.Abstractions": "10.0.7",
          "Microsoft.Extensions.Configuration.Binder": "10.0.7",
          "Microsoft.Extensions.DependencyInjection.Abstractions": "10.0.7",
          "Microsoft.Extensions.Options": "10.0.7",
          "Microsoft.Extensions.Primitives": "10.0.7"
        }
      },
      "Microsoft.Extensions.Primitives": {
        "type": "Transitive",
        "resolved": "10.0.7",
        "contentHash": "D5M0Jr551iTgwkZMN9rm0pSkgNLj5quUWQUmQPMZh7k/bnvZTnXRGfE2KuvXf1EEjt/ofD9yw9IumpgdP9QCnw=="
      },
      "NAudio.Asio": {
        "type": "Transitive",
        "resolved": "2.3.0",
        "contentHash": "I+rAAPT8vmSEw4d4ie+AoSkrvNK6ylRrXznnjQKS+qZgTA9Jnt1Pxe0EaU8nXxOOq5h8ucBSWccBEw6I/J0nkQ==",
        "dependencies": {
          "NAudio.Core": "2.3.0"
        }
      },
      "NAudio.Core": {
        "type": "Transitive",
        "resolved": "2.3.0",
        "contentHash": "jMd7r6dB6tAtXhOYL58ntPqwERNm1/Rhw5MKOIYvsnXzuX+PTGsa2VMam6n0npZYSwlSidKa4GAm4bFcXFUlcg=="
      },
      "NAudio.Midi": {
        "type": "Transitive",
        "resolved": "2.3.0",
        "contentHash": "t8wvPFPHHQOHhoNMCaDE8OiYZoJuxmY4H6UPBtmnf+xx7oQuajFCqlG4Q00ID+tiEyj471WeVb4Nkylr4tDoow==",
        "dependencies": {
          "NAudio.Core": "2.3.0"
        }
      },
      "NAudio.Wasapi": {
        "type": "Transitive",
        "resolved": "2.3.0",
        "contentHash": "y5K2BxrLnvohgu5znzg5wRsai3YcuNXfrpo68i7PmCQqpK5MC/R24e5aO3OyN/XhfRr12e0QYV0OnUWEHi5SzA==",
        "dependencies": {
          "NAudio.Core": "2.3.0"
        }
      },
      "NAudio.WinMM": {
        "type": "Transitive",
        "resolved": "2.3.0",
        "contentHash": "5G1dRjsZm50T3luyuqcmI2BSvj3K4ZJaD/x776/0Epj88qOsOryDZG40+MufwIk1UFJSFWhRobBqtJYFc8Ss4g==",
        "dependencies": {
          "NAudio.Core": "2.3.0"
        }
      },
      "Newtonsoft.Json": {
        "type": "Transitive",
        "resolved": "13.0.3",
        "contentHash": "HrC5BXdl00IP9zeV+0Z848QWPAoCr9P3bDEZguI+gkLcBKAOxix/tLEAAHC+UvDNPv4a2d18lOReHMOagPa+zQ=="
      },
      "ReactiveUI": {
        "type": "Transitive",
        "resolved": "18.3.1",
        "contentHash": "0tclGtjrRPfA2gbjiM7O3DeNmo6/TpDn7CMN6jgzDrbgrnysM7oEzjGEeXbtXaOxH6kEf6RiMKWobZoSgbBXhQ==",
        "dependencies": {
          "DynamicData": "7.9.5",
          "Splat": "14.4.1"
        }
      },
      "SharpCompress": {
        "type": "Transitive",
        "resolved": "0.36.0",
        "contentHash": "48am//T6Ou+GmyPmBaxaFN1ym0VNidRcBeANr9+OYTzpKRz8QMGzAkHVkCV30lFQ/gnWqGr50AuebahpG1C6xA==",
        "dependencies": {
          "ZstdSharp.Port": "0.7.4"
        }
      },
      "ShimSkiaSharp": {
        "type": "Transitive",
        "resolved": "2.0.0",
        "contentHash": "J+nzTe97Q19rzbCbTA8r6l1T89JP+XjMhaAOEHoE9FG7RiI/OkCuBY5JPlzNZoUYFXG3fBwlTMetPMkSCV8Kmw=="
      },
      "Silk.NET.Core": {
        "type": "Transitive",
        "resolved": "2.23.0",
        "contentHash": "D7AT/nnwlB+4RZ84XY8QNGBZMJI5z9l4CSSETIJ1wCfRJzRt/341y3MRZ4HbnFz4r/IGaWOEZr86iE+0/65yyQ==",
        "dependencies": {
          "Microsoft.DotNet.PlatformAbstractions": "3.1.6",
          "Microsoft.Extensions.DependencyModel": "9.0.9"
        }
      },
      "Silk.NET.Maths": {
        "type": "Transitive",
        "resolved": "2.23.0",
        "contentHash": "r8PdIVzME8EH0qAgbmRPO87I4GfgR2j8TofT7EMuRJDf1QluoQwnVypDoFJjQ2ZBSRsGYk5unYxxogI05Ogsmw=="
      },
      "SkiaSharp": {
        "type": "Transitive",
        "resolved": "3.119.4-preview.1.1",
        "contentHash": "cyRjWksj/SwFWo7uPfpFk0sOPyUcE+FhF6ENFc3Q100sdJWHEA2nU1PcEeT7LsLFKBvDP/67q0A8vEXc4kvXnA==",
        "dependencies": {
          "SkiaSharp.NativeAssets.Win32": "3.119.4-preview.1.1",
          "SkiaSharp.NativeAssets.macOS": "3.119.4-preview.1.1"
        }
      },
      "SkiaSharp.NativeAssets.Linux": {
        "type": "Transitive",
        "resolved": "3.119.4-preview.1.1",
        "contentHash": "rZEnNkds7UWOWCCsi//v3VQ7MWbhqn83J1mCzl9069N1Zza7SXufVvsvpI4qJYUHaRx8ZhAaL0yi3zlKoXaUJw=="
      },
      "SkiaSharp.NativeAssets.macOS": {
        "type": "Transitive",
        "resolved": "3.119.4-preview.1.1",
        "contentHash": "77gyFnZD0uU12ABgI6pe8Iw2GRBYGryMP4EaHFs7fniffthVT5sf4PTug4ytwNzLKkVDiLobEpIvAJAj3UXwEw=="
      },
      "SkiaSharp.NativeAssets.WebAssembly": {
        "type": "Transitive",
        "resolved": "3.119.4-preview.1.1",
        "contentHash": "IyNI0QRJGl5sT0Dz2rGHBYVmenNoXcOCaC21avrLG5LwkX8ou0PluW2Hgz7NxHxiRL9D0kPmtoYWrr3uxd1NgA=="
      },
      "SkiaSharp.NativeAssets.Win32": {
        "type": "Transitive",
        "resolved": "3.119.4-preview.1.1",
        "contentHash": "BYwNLG02IAYMsBPgU9lM37xJgCM3B/2X5z1FQEBR34dmn+Hxvcw8X83PInY2rzix7mlbcv7OF8UHjf7yMbsDaA=="
      },
      "SkiaSharp.Svg": {
        "type": "Transitive",
        "resolved": "1.60.0",
        "contentHash": "rTneyM6mt0w2xCCampFlkO3mGFIwGEJo7L2X3JOdyeMCZDQkyqv7m9kZfA89kLSErXErFnY72TZsryzqTIiT7g==",
        "dependencies": {
          "SkiaSharp": "1.60.0"
        }
      },
      "Splat": {
        "type": "Transitive",
        "resolved": "14.4.1",
        "contentHash": "Z1Mncnzm9pNIaIbZ/EWH6x5ESnKsmAvu8HP4StBRw+yhz0lzE7LCbt22TNTPaFrYLYbYCbGQIc/61yuSnpLidg=="
      },
      "Svg.Custom": {
        "type": "Transitive",
        "resolved": "2.0.0",
        "contentHash": "YqPAdGu00Aru+VvO4BIKOSVWK+z8vciBhBtG6RSWL+wuIhhIM6OU9fw7bN1vti/oTWwfvaUmh0EKWxHKzzaotA==",
        "dependencies": {
          "ExCSS": "4.2.3"
        }
      },
      "Svg.Model": {
        "type": "Transitive",
        "resolved": "2.0.0",
        "contentHash": "YwdGhay2Wh2sc0WcoYlgiliajsf3utZMEXbm1Wu9LLpLk2rRVSA187p+xGs8pn2GYwLrjfBLWBevXTB4kxrzDg==",
        "dependencies": {
          "ShimSkiaSharp": "2.0.0",
          "Svg.Custom": "2.0.0"
        }
      },
      "System.ClientModel": {
        "type": "Transitive",
        "resolved": "1.1.0",
        "contentHash": "UocOlCkxLZrG2CKMAAImPcldJTxeesHnHGHwhJ0pNlZEvEXcWKuQvVOER2/NiOkJGRJk978SNdw3j6/7O9H1lg==",
        "dependencies": {
          "System.Memory.Data": "1.0.2"
        }
      },
      "System.Memory.Data": {
        "type": "Transitive",
        "resolved": "6.0.0",
        "contentHash": "ntFHArH3I4Lpjf5m4DCXQHJuGwWPNVJPaAvM95Jy/u+2Yzt2ryiyIN04LAogkjP9DeRcEOiviAjQotfmPq/FrQ=="
      },
      "System.Reactive": {
        "type": "Transitive",
        "resolved": "5.0.0",
        "contentHash": "erBZjkQHWL9jpasCE/0qKAryzVBJFxGHVBAvgRN1bzM0q2s1S4oYREEEL0Vb+1kA/6BKb5FjUZMp5VXmy+gzkQ=="
      },
      "Tmds.DBus.Protocol": {
        "type": "Transitive",
        "resolved": "0.92.0",
        "contentHash": "h7IMakm0PF2jxiagoysoAjrzzLQ0UBdnSXQL5kb17YW0Fvyo12Tg96A99QkzwktWRrd7H+Uw9EzjasNLUfGYlA=="
      },
      "Ultz.Native.SDL": {
        "type": "Transitive",
        "resolved": "2.32.10",
        "contentHash": "XSm79DEYh48nrkof1QbBvC5XclBZnpcaTbjbSpMBUAT2qoZ8DwftI3+YEKkmLO3pYpSuPg9yhdPt2jbxyxQdHQ=="
      },
      "ZstdSharp.Port": {
        "type": "Transitive",
        "resolved": "0.7.4",
        "contentHash": "ziptnotpUJr51afwXJQ5Wc03dvDiZAdmxS08s1g7SHn/VzbyZUXdH6yORk/zaNjzUOEE6pVZ0Nqztab0rYROgQ=="
      },
      "avalonia.mcp.core": {
        "type": "Project",
        "dependencies": {
          "Avalonia": "[11.3.14, )",
          "Avalonia.Headless": "[11.3.14, )",
          "Microsoft.Extensions.DependencyInjection.Abstractions": "[10.0.7, )",
          "Microsoft.Extensions.Logging.Abstractions": "[10.0.7, )"
        }
      }
    },
    "net10.0/win-x64": {
      "Microsoft.CognitiveServices.Speech": {
        "type": "Direct",
        "requested": "[1.49.1, )",
        "resolved": "1.49.1",
        "contentHash": "3DxbTf7brlbyzDTp4zexvhykkMURZs8psFpewLfTfOnJL8WTKLWqlyjoGvQchM/PZxHI02AvyGRbVWLBkRNSZQ==",
        "dependencies": {
          "Azure.Core": "1.44.1"
        }
      },
      "Avalonia.Angle.Windows.Natives": {
        "type": "Transitive",
        "resolved": "2.1.25547.20250602",
        "contentHash": "ZL0VLc4s9rvNNFt19Pxm5UNAkmKNylugAwJPX9ulXZ6JWs/l6XZihPWWTyezaoNOVyEPU8YbURtW7XMAtqXH5A=="
      },
      "Avalonia.Native": {
        "type": "Transitive",
        "resolved": "12.0.2",
        "contentHash": "ar8S5eXQY8ttZ3YG5dbtinbC2ltybJU89iwgkpAlLKkV3V7u+4ZXX13o6ilplVyd1lVVSfXgOMvfSMnKQm02Bg==",
        "dependencies": {
          "Avalonia": "12.0.2"
        }
      },
      "HarfBuzzSharp.NativeAssets.Linux": {
        "type": "Transitive",
        "resolved": "8.3.1.3",
        "contentHash": "RI6A1LgmooU30+4QIyFt5rmBCzP0VzTR+587IJSGvYIsHHWlahFufihYxtraLfsIhW7I8dn6+xX+DZGygOPKWQ=="
      },
      "HarfBuzzSharp.NativeAssets.macOS": {
        "type": "Transitive",
        "resolved": "8.3.1.3",
        "contentHash": "KPTq0xnslkI6nAo0jh3ptcQPJvZZr7MWYXa2jUe4SnHc9q+JlHElmNXp0sfFoiTgoCX7WOYpYsurypuH9Gehxw=="
      },
      "HarfBuzzSharp.NativeAssets.Win32": {
        "type": "Transitive",
        "resolved": "8.3.1.3",
        "contentHash": "bx8CE8Js+XGX8PUxAHCBDEORt5aaBYtMN4Hr9QFs57Xithh6yjUyYqksizH6eRDhJkwsGI+SXWmPmMm8lZC9Pw=="
      },
      "SkiaSharp.NativeAssets.Linux": {
        "type": "Transitive",
        "resolved": "3.119.4-preview.1.1",
        "contentHash": "rZEnNkds7UWOWCCsi//v3VQ7MWbhqn83J1mCzl9069N1Zza7SXufVvsvpI4qJYUHaRx8ZhAaL0yi3zlKoXaUJw=="
      },
      "SkiaSharp.NativeAssets.macOS": {
        "type": "Transitive",
        "resolved": "3.119.4-preview.1.1",
        "contentHash": "77gyFnZD0uU12ABgI6pe8Iw2GRBYGryMP4EaHFs7fniffthVT5sf4PTug4ytwNzLKkVDiLobEpIvAJAj3UXwEw=="
      },
      "SkiaSharp.NativeAssets.Win32": {
        "type": "Transitive",
        "resolved": "3.119.4-preview.1.1",
        "contentHash": "BYwNLG02IAYMsBPgU9lM37xJgCM3B/2X5z1FQEBR34dmn+Hxvcw8X83PInY2rzix7mlbcv7OF8UHjf7yMbsDaA=="
      },
      "Ultz.Native.SDL": {
        "type": "Transitive",
        "resolved": "2.32.10",
        "contentHash": "XSm79DEYh48nrkof1QbBvC5XclBZnpcaTbjbSpMBUAT2qoZ8DwftI3+YEKkmLO3pYpSuPg9yhdPt2jbxyxQdHQ=="
      }
    }
  }
}