{
  "version": 1,
  "dependencies": {
    "net10.0": {
      "Avalonia": {
        "type": "Direct",
        "requested": "[11.3.11, )",
        "resolved": "11.3.11",
        "contentHash": "N+LjdoGLOD2Rio1JK0VlSMEB2opGZpq8/Vs5LV16eAnbjFeXdqY5uwmURFKb1rJ9McyMZQT3Kf2/DecmKqrLEw==",
        "dependencies": {
          "Avalonia.BuildServices": "11.3.2",
          "Avalonia.Remote.Protocol": "11.3.11",
          "MicroCom.Runtime": "0.11.0"
        }
      },
      "Avalonia.Desktop": {
        "type": "Direct",
        "requested": "[11.3.11, )",
        "resolved": "11.3.11",
        "contentHash": "m60U1jV96RquwYGg4Pzwp0ENL1HUrM3YZLMCes0gWRn8x+webT9V4Wfs58MAdTOukXPpy9t1XhEd4NON674Wmw==",
        "dependencies": {
          "Avalonia": "11.3.11",
          "Avalonia.Native": "11.3.11",
          "Avalonia.Skia": "11.3.11",
          "Avalonia.Win32": "11.3.11",
          "Avalonia.X11": "11.3.11"
        }
      },
      "Avalonia.Diagnostics": {
        "type": "Direct",
        "requested": "[11.3.11, )",
        "resolved": "11.3.11",
        "contentHash": "gqKcPTGRZG/ocet5vOmQrIpf+gQU4mOS3mVwIisSv1GAKA/+JmNcnp5ouaKikLbdGt7Qcw2ZKl+daMws9y6/mg==",
        "dependencies": {
          "Avalonia": "11.3.11",
          "Avalonia.Controls.ColorPicker": "11.3.11",
          "Avalonia.Themes.Simple": "11.3.11"
        }
      },
      "Avalonia.Fonts.Inter": {
        "type": "Direct",
        "requested": "[11.3.11, )",
        "resolved": "11.3.11",
        "contentHash": "VzfS95eXV2YlMxizNWGug3eb4717lNGZ3lIfl5os+DTL+A1djDT+Sv87oXAj8jGVqijdA/eFP9jax5JA9GCb3g==",
        "dependencies": {
          "Avalonia": "11.3.11"
        }
      },
      "Avalonia.Themes.Fluent": {
        "type": "Direct",
        "requested": "[11.3.11, )",
        "resolved": "11.3.11",
        "contentHash": "GBLwgTwLPGaWxtbBdZ+kUn+QIKVorTc3m8v3nr0wsvRJkWHPgrDR5LAoHJjkPQCLDFuqocYFIeLOUAaBYP0MeA==",
        "dependencies": {
          "Avalonia": "11.3.11"
        }
      },
      "FluentIcons.Avalonia.Fluent": {
        "type": "Direct",
        "requested": "[2.0.316.1, )",
        "resolved": "2.0.316.1",
        "contentHash": "LesHEYNnK0ABpwMKjzTaTabbYTUCTnb8vRoFjU6PN9S0rcgkq1R2g9FzOzRGKFMhJME4aysb9oZ5dycwAvSyIQ==",
        "dependencies": {
          "FluentAvaloniaUI": "2.0.0",
          "FluentIcons.Avalonia": "[2.0.316.1]",
          "FluentIcons.Common": "[2.0.316]"
        }
      },
      "Iciclecreek.AdaptiveCards.Rendering.Avalonia": {
        "type": "Direct",
        "requested": "[1.0.4, )",
        "resolved": "1.0.4",
        "contentHash": "+gUZl19N9T1thgpLxjtbm9z4P+erXUJZCfH/n65EpPrpK/VITFkCHQUIJSBwSG5oahQdjLfOxOIYqlkiffZk5w==",
        "dependencies": {
          "AdaptiveCards": "3.1.0",
          "AsyncImageLoader.Avalonia": "3.2.1",
          "Avalonia": "11.1.1",
          "Avalonia.Markup.Xaml.Loader": "11.1.1",
          "Avalonia.ReactiveUI": "11.1.1",
          "Avalonia.Svg": "11.1.0",
          "Iciclecreek.Avalonia.Controls.Media": "1.0.5",
          "SkiaSharp.Svg": "1.60.0"
        }
      },
      "Meziantou.Framework.Win32.CredentialManager": {
        "type": "Direct",
        "requested": "[1.7.15, )",
        "resolved": "1.7.15",
        "contentHash": "sB3ZhG4/64PJ6SMeksQixFQ+e+FF5L+CrnQ/eKemaqquVK/tWdrmoLLoWGHVZThbMUShN9W+Ou0VXvkeUDHnfQ=="
      },
      "Microsoft.CognitiveServices.Speech": {
        "type": "Direct",
        "requested": "[1.47.0, )",
        "resolved": "1.47.0",
        "contentHash": "gCEeM0AqC+c3nn5Fd27jN16+zWf0N9Fcil0dyveFGASBFEIx2OyEzMi4+hQqwWyr54uHkgfPTmApA9dQfeUwmg==",
        "dependencies": {
          "Azure.Core": "1.44.1"
        }
      },
      "Microsoft.Extensions.Configuration": {
        "type": "Direct",
        "requested": "[10.0.2, )",
        "resolved": "10.0.2",
        "contentHash": "Lws+o4DFw6p5NquRoYA3d5QVvi49ugNw7TxbW4QGLsL8F1LCCyJqWFy0+RMQ/hzUuS9aKV5NJ/XGAF5N9/RQcQ==",
        "dependencies": {
          "Microsoft.Extensions.Configuration.Abstractions": "10.0.2",
          "Microsoft.Extensions.Primitives": "10.0.2"
        }
      },
      "Microsoft.Extensions.Configuration.Json": {
        "type": "Direct",
        "requested": "[10.0.2, )",
        "resolved": "10.0.2",
        "contentHash": "ovjOVr+rNxOT249iezwihlPNMaIJdBC6PMGeMnzhkm5EoKJWFjp3mmvtndfHY6A88X4wulXlidMhmjX8v6V/aw==",
        "dependencies": {
          "Microsoft.Extensions.Configuration": "10.0.2",
          "Microsoft.Extensions.Configuration.Abstractions": "10.0.2",
          "Microsoft.Extensions.Configuration.FileExtensions": "10.0.2",
          "Microsoft.Extensions.FileProviders.Abstractions": "10.0.2"
        }
      },
      "Microsoft.Extensions.DependencyInjection": {
        "type": "Direct",
        "requested": "[10.0.2, )",
        "resolved": "10.0.2",
        "contentHash": "J/Zmp6fY93JbaiZ11ckWvcyxMPjD6XVwIHQXBjryTBgn7O6O20HYg9uVLFcZlNfgH78MnreE/7EH+hjfzn7VyA==",
        "dependencies": {
          "Microsoft.Extensions.DependencyInjection.Abstractions": "10.0.2"
        }
      },
      "Microsoft.Extensions.Logging": {
        "type": "Direct",
        "requested": "[10.0.2, )",
        "resolved": "10.0.2",
        "contentHash": "a0EWuBs6D3d7XMGroDXm+WsAi5CVVfjOJvyxurzWnuhBN9CO+1qHKcrKV1JK7H/T4ZtHIoVCOX/YyWM8K87qtw==",
        "dependencies": {
          "Microsoft.Extensions.DependencyInjection": "10.0.2",
          "Microsoft.Extensions.Logging.Abstractions": "10.0.2",
          "Microsoft.Extensions.Options": "10.0.2"
        }
      },
      "Microsoft.Extensions.Logging.Console": {
        "type": "Direct",
        "requested": "[10.0.2, )",
        "resolved": "10.0.2",
        "contentHash": "Z6gBfpHqJsz2hGH+eUQUQI+DSHsDNhTKt8toHAtDhYFRlxUN1FKPKzNmTgSrAz1gtDTOBjDU5lQZ50463Ehw7A==",
        "dependencies": {
          "Microsoft.Extensions.DependencyInjection.Abstractions": "10.0.2",
          "Microsoft.Extensions.Logging": "10.0.2",
          "Microsoft.Extensions.Logging.Abstractions": "10.0.2",
          "Microsoft.Extensions.Logging.Configuration": "10.0.2",
          "Microsoft.Extensions.Options": "10.0.2"
        }
      },
      "Microsoft.NET.ILLink.Tasks": {
        "type": "Direct",
        "requested": "[10.0.0, )",
        "resolved": "10.0.0",
        "contentHash": "kICGrGYEzCNI3wPzfEXcwNHgTvlvVn9yJDhSdRK+oZQy4jvYH529u7O0xf5ocQKzOMjfS07+3z9PKRIjrFMJDA=="
      },
      "NAudio": {
        "type": "Direct",
        "requested": "[2.2.1, )",
        "resolved": "2.2.1",
        "contentHash": "c0DzwiyyklM0TP39Y7RObwO3QkWecgM6H60ikiEnsV/aEAJPbj5MFCLaD8BSfKuZe0HGuh9GRGWWlJmSxDc9MA==",
        "dependencies": {
          "NAudio.Asio": "2.2.1",
          "NAudio.Core": "2.2.1",
          "NAudio.Midi": "2.2.1",
          "NAudio.Wasapi": "2.2.1",
          "NAudio.WinMM": "2.2.1"
        }
      },
      "PiperSharp": {
        "type": "Direct",
        "requested": "[1.0.6, )",
        "resolved": "1.0.6",
        "contentHash": "g68TbampKc0ATx80nur6LHHrhIpXvmioIVuwAuWKcjTXTB2tf+Klk4JPwzWZRo+DRSR4kS370eh+davEQVR0cw==",
        "dependencies": {
          "NAudio": "2.2.1",
          "NAudio.Core": "2.2.1",
          "Newtonsoft.Json": "13.0.1",
          "SharpCompress": "0.36.0"
        }
      },
      "Silk.NET.SDL": {
        "type": "Direct",
        "requested": "[2.23.0, )",
        "resolved": "2.23.0",
        "contentHash": "M9HAplL9/BUAP1IWlxPq+5xWDgXcMqQNXiqFi9elbUBQPaS8TW35lMsB95/lPT5uIi+Y83OpEozJlgkp2goKjg==",
        "dependencies": {
          "Silk.NET.Core": "2.23.0",
          "Silk.NET.Maths": "2.23.0",
          "Ultz.Native.SDL": "2.32.10"
        }
      },
      "Vosk": {
        "type": "Direct",
        "requested": "[0.3.38, )",
        "resolved": "0.3.38",
        "contentHash": "W/me6nwF7fq9uWVmqbmWvPx3DjhMSzb9D85IZa0FUg2PIxcWjfG55vYHBc+9xCuNL/zohIBRYTKiP4itnMU3ww=="
      },
      "AdaptiveCards": {
        "type": "Transitive",
        "resolved": "3.1.0",
        "contentHash": "b+sPwH0oyAflpgxCyNPMzH92xrQjWl6GuuEBv86/VhO6iHhiWv+PtwzqMS70nOXZQRzpl9YVHXAvn+dKot5IBQ==",
        "dependencies": {
          "Newtonsoft.Json": "13.0.3"
        }
      },
      "AsyncImageLoader.Avalonia": {
        "type": "Transitive",
        "resolved": "3.2.1",
        "contentHash": "m5q7mbGZ2s3gqQPYmzGQ4YjT/+CWAP1xHxWxuSSqbwdTVAZk86HYCHvrTCR6TxeXvkWafvTMuwJamooeEfeQQw==",
        "dependencies": {
          "Avalonia": "11.0.0"
        }
      },
      "Avalonia.Angle.Windows.Natives": {
        "type": "Transitive",
        "resolved": "2.1.25547.20250602",
        "contentHash": "ZL0VLc4s9rvNNFt19Pxm5UNAkmKNylugAwJPX9ulXZ6JWs/l6XZihPWWTyezaoNOVyEPU8YbURtW7XMAtqXH5A=="
      },
      "Avalonia.BuildServices": {
        "type": "Transitive",
        "resolved": "11.3.2",
        "contentHash": "qHDToxto1e3hci5YqbG9n0Ty8mlp3zBUN5wT66wKqaDVzXyQ0do3EnRILd4Ke9jpvsktaPpgE0YjEk7hornryQ=="
      },
      "Avalonia.Controls.ColorPicker": {
        "type": "Transitive",
        "resolved": "11.3.11",
        "contentHash": "2i5dvZcizAtumywPRravU0/0lLsa8F+n3cTyt2ZpXAwnqnE+eeuozl9Q23YnE69BpROC5wXYrjogXhWcUPks4g==",
        "dependencies": {
          "Avalonia": "11.3.11",
          "Avalonia.Remote.Protocol": "11.3.11"
        }
      },
      "Avalonia.Controls.DataGrid": {
        "type": "Transitive",
        "resolved": "11.0.0",
        "contentHash": "bUEsP11CPoI0BtMW9c0MP9zqTHePSGpYIYM7dndD9+bUEHZfhD7Af8Uw/+GeBbmRu1tm4xLGefcq0O9zmEKrqA==",
        "dependencies": {
          "Avalonia": "11.0.0",
          "Avalonia.Remote.Protocol": "11.0.0"
        }
      },
      "Avalonia.Controls.ItemsRepeater": {
        "type": "Transitive",
        "resolved": "11.0.0",
        "contentHash": "5H1X+UUMUOrECli+BSrDCc38doYABRUy54mRCGeFBtGqGtnwz+Mx1aj7rDsXGzzItxS4QDSfQTQJsRVpRC9grA==",
        "dependencies": {
          "Avalonia": "11.0.0"
        }
      },
      "Avalonia.FreeDesktop": {
        "type": "Transitive",
        "resolved": "11.3.11",
        "contentHash": "kmmYhKVWAFAz064K4FYTqVOk/Oin6DWp5LfzVNISz3BP4YYUZdrGyglxhjbS6t8iOyzMnAoHCrNs1Pw+BRFYUQ==",
        "dependencies": {
          "Avalonia": "11.3.11",
          "Tmds.DBus.Protocol": "0.21.2"
        }
      },
      "Avalonia.Headless": {
        "type": "Transitive",
        "resolved": "11.3.11",
        "contentHash": "O/KDwAqHTytuKWB84AwUfwxmMEnL3m+3aexnYdsuP+kfs0DMg5+fM7vEKi8ZgJJpOxOc2pP3e4iB6jzkFP7AxA==",
        "dependencies": {
          "Avalonia": "11.3.11"
        }
      },
      "Avalonia.Markup.Xaml.Loader": {
        "type": "Transitive",
        "resolved": "11.1.1",
        "contentHash": "K3WldD+LQhfqPhgRk25DkdL3hV676bqkXCq2dxxOES/ZtTX+dQR6MO9Hbk1t9FLOKIgpN57mkO3/mI7COGbipw==",
        "dependencies": {
          "Avalonia": "11.1.1"
        }
      },
      "Avalonia.Native": {
        "type": "Transitive",
        "resolved": "11.3.11",
        "contentHash": "21XxwcOCYuf7fSYBsc4sF7CS0xNK80iDFyXyK9L4awnrjZOJjMuNSGiJ2L5+RQQkXnXaB8ECvMAWN3e/9WN3aw==",
        "dependencies": {
          "Avalonia": "11.3.11"
        }
      },
      "Avalonia.ReactiveUI": {
        "type": "Transitive",
        "resolved": "11.1.1",
        "contentHash": "/X+g+3V8JB9P0xyLBLNSj3X0CQ0q7Nlq/xWtcChMa8FvDdPC4TwRv+p/rjSt6iPxRJoXh9SBVaQe6Uk4IKXe6Q==",
        "dependencies": {
          "Avalonia": "11.1.1",
          "ReactiveUI": "18.3.1",
          "System.Reactive": "5.0.0"
        }
      },
      "Avalonia.Remote.Protocol": {
        "type": "Transitive",
        "resolved": "11.3.11",
        "contentHash": "kooZKlJb0DkzJYFzYTgChqAr+pOBq64FyNuvjpBLBmqTTTj/f+d7XyPvdNFgPsvyY3sa4X/W79t6hQnyWmM4zw=="
      },
      "Avalonia.Skia": {
        "type": "Transitive",
        "resolved": "11.3.11",
        "contentHash": "7XynAFWmUR0pEXj6dY8ezpFkeMpNTGNvz1Vf2kLKQawJiv1MKdxzbehDXG9v4A0l2oBLd5m92Dme1/EKH7oj5g==",
        "dependencies": {
          "Avalonia": "11.3.11",
          "HarfBuzzSharp": "8.3.1.1",
          "HarfBuzzSharp.NativeAssets.Linux": "8.3.1.1",
          "HarfBuzzSharp.NativeAssets.WebAssembly": "8.3.1.1",
          "SkiaSharp": "2.88.9",
          "SkiaSharp.NativeAssets.Linux": "2.88.9",
          "SkiaSharp.NativeAssets.WebAssembly": "2.88.9"
        }
      },
      "Avalonia.Svg": {
        "type": "Transitive",
        "resolved": "11.1.0",
        "contentHash": "zvjccY9IhEZTaC/sx8zfdU1PVtiVI8PVPt9QTYzaKyrNR+QY82aIy1f3x50CG9jyNCmBtRycd4ZZn0qDn19k+A==",
        "dependencies": {
          "Avalonia": "11.1.0",
          "Svg.Model": "2.0.0"
        }
      },
      "Avalonia.Themes.Simple": {
        "type": "Transitive",
        "resolved": "11.3.11",
        "contentHash": "vrCD6Kz4nm4dKA7j3s7nTLxdlsQ+ru7iv45FDwRfys0QhrKK4deq40RxUgfREGvFfCNMD2b9EEerieU3uFSTkw==",
        "dependencies": {
          "Avalonia": "11.3.11"
        }
      },
      "Avalonia.Win32": {
        "type": "Transitive",
        "resolved": "11.3.11",
        "contentHash": "hFOuFHuhOIiB1p4XtTYnIFHvVazCQwotlPW/iUPObUHQY6qoDYqzPIZIELZiLtUIs9zHA55DWvpmW/l4rDuuAQ==",
        "dependencies": {
          "Avalonia": "11.3.11",
          "Avalonia.Angle.Windows.Natives": "2.1.25547.20250602"
        }
      },
      "Avalonia.X11": {
        "type": "Transitive",
        "resolved": "11.3.11",
        "contentHash": "ZhNHTe8n0w7+Xkxgt13WidSZudHKiDQfDDv/jEDJ4ffdh6z4oKjkPrVUer0ECgEENOR2iCLvFNlaDi5glZ66SA==",
        "dependencies": {
          "Avalonia": "11.3.11",
          "Avalonia.FreeDesktop": "11.3.11",
          "Avalonia.Skia": "11.3.11"
        }
      },
      "Azure.Core": {
        "type": "Transitive",
        "resolved": "1.44.1",
        "contentHash": "YyznXLQZCregzHvioip07/BkzjuWNXogJEVz9T5W6TwjNr17ax41YGzYMptlo2G10oLCuVPoyva62y0SIRDixg==",
        "dependencies": {
          "Microsoft.Bcl.AsyncInterfaces": "6.0.0",
          "System.ClientModel": "1.1.0",
          "System.Memory.Data": "6.0.0"
        }
      },
      "CSharpFunctionalExtensions": {
        "type": "Transitive",
        "resolved": "2.40.3",
        "contentHash": "G+t+bf39aixVFN3O3Q5LoE0zy3o8QlV3mv3ATw76XwDRWkE9eFRLzZdx9HH9fgbPpasfP4kr8cnnXIP+Z7GcrQ=="
      },
      "DynamicData": {
        "type": "Transitive",
        "resolved": "7.9.5",
        "contentHash": "xFwVha7o3qUtVYxco5p+7Urcztc/m1gmaEUxOG0i7LNe+vfCfyb0ECAsT2FLm3zOPHb0g8s9qVu5LfPKfRNVng==",
        "dependencies": {
          "System.Reactive": "5.0.0"
        }
      },
      "ExCSS": {
        "type": "Transitive",
        "resolved": "4.2.3",
        "contentHash": "SyeAfu2wL5247sipJoPUzQfjiwQtfSd8hN4IbgoyVcDx4PP6Dud4znwPRibWQzLtTlUxYYcbf5f4p+EfFC7KtQ=="
      },
      "FluentAvaloniaUI": {
        "type": "Transitive",
        "resolved": "2.0.0",
        "contentHash": "JKFJe/RUDeqfP6ZrUsHpIpFbo3pJ89X4z28SZCFEN9UQ4VSHyDtTg7j3TELLK086Hb9IioMzMsIBN60oruXz0Q==",
        "dependencies": {
          "Avalonia": "11.0.0",
          "Avalonia.Controls.ColorPicker": "11.0.0",
          "Avalonia.Controls.DataGrid": "11.0.0",
          "Avalonia.Controls.ItemsRepeater": "11.0.0",
          "Avalonia.Skia": "11.0.0",
          "MicroCom.CodeGenerator.MSBuild": "0.11.0",
          "MicroCom.Runtime": "0.11.0"
        }
      },
      "FluentIcons.Avalonia": {
        "type": "Transitive",
        "resolved": "2.0.316.1",
        "contentHash": "lFW8oYLaJPyEvCKTNAJbcW6Bfk+Jop48cELrvHZZ635la9fKiSUc/rNOM5CQnNjlDqkfZy1fLu62mHQfGHSm3w==",
        "dependencies": {
          "Avalonia": "11.0.0",
          "FluentIcons.Common": "[2.0.316]",
          "FluentIcons.Resources.Avalonia": "[2.0.316]"
        }
      },
      "FluentIcons.Common": {
        "type": "Transitive",
        "resolved": "2.0.316",
        "contentHash": "SUsRQfm+jVutoA52jxA9rYiDf1O/1HBn7SpKyU31YbVvOX+lzzSmfeLIPRtdGA9A0c3SXx1B7hneIAFL84tQxw=="
      },
      "FluentIcons.Resources.Avalonia": {
        "type": "Transitive",
        "resolved": "2.0.316",
        "contentHash": "4P4QWv4AG8JPicaCwrErjmL/VhJHQc4BKDSRCXzAwHQggf0J17WFDZgiW4ar1EHz5aVlsUXkA7RbH7cR5ZYOeQ==",
        "dependencies": {
          "Avalonia": "11.0.0",
          "FluentIcons.Common": "[2.0.316]"
        }
      },
      "HarfBuzzSharp": {
        "type": "Transitive",
        "resolved": "8.3.1.1",
        "contentHash": "tLZN66oe/uiRPTZfrCU4i8ScVGwqHNh5MHrXj0yVf4l7Mz0FhTGnQ71RGySROTmdognAs0JtluHkL41pIabWuQ==",
        "dependencies": {
          "HarfBuzzSharp.NativeAssets.Win32": "8.3.1.1",
          "HarfBuzzSharp.NativeAssets.macOS": "8.3.1.1"
        }
      },
      "HarfBuzzSharp.NativeAssets.Linux": {
        "type": "Transitive",
        "resolved": "8.3.1.1",
        "contentHash": "3EZ1mpIiKWRLL5hUYA82ZHteeDIVaEA/Z0rA/wU6tjx6crcAkJnBPwDXZugBSfo8+J3EznvRJf49uMsqYfKrHg=="
      },
      "HarfBuzzSharp.NativeAssets.macOS": {
        "type": "Transitive",
        "resolved": "8.3.1.1",
        "contentHash": "jbtCsgftcaFLCA13tVKo5iWdElJScrulLTKJre36O4YQTIlwDtPPqhRZNk+Y0vv4D1gxbscasGRucUDfS44ofQ=="
      },
      "HarfBuzzSharp.NativeAssets.WebAssembly": {
        "type": "Transitive",
        "resolved": "8.3.1.1",
        "contentHash": "loJweK2u/mH/3C2zBa0ggJlITIszOkK64HLAZB7FUT670dTg965whLFYHDQo69NmC4+d9UN0icLC9VHidXaVCA=="
      },
      "HarfBuzzSharp.NativeAssets.Win32": {
        "type": "Transitive",
        "resolved": "8.3.1.1",
        "contentHash": "UsJtQsfAJoFDZrXc4hCUfRPMqccfKZ0iumJ/upcUjz/cmsTgVFGNEL5yaJWmkqsuFYdMWbj/En5/kS4PFl9hBA=="
      },
      "Iciclecreek.Avalonia.Controls.Media": {
        "type": "Transitive",
        "resolved": "1.0.5",
        "contentHash": "lv2tftVDHcc54KzZAaswfWD3kjHla5JL/+JBr3EkW08/z+RcuFDATaFaNJrPLzdpfN8gtHYgvDy8D8+b3COAxA==",
        "dependencies": {
          "Avalonia": "11.0.5",
          "Avalonia.ReactiveUI": "11.0.5",
          "CSharpFunctionalExtensions": "2.40.3",
          "FluentIcons.Avalonia": "1.1.223",
          "LibVLCSharp": "3.8.2"
        }
      },
      "LibVLCSharp": {
        "type": "Transitive",
        "resolved": "3.8.2",
        "contentHash": "P61Pkc+2GgX9PGJmm0MTVYKh0zPbak25rkyb5MU8Vq7x/VgFV/0h3L2bP7H4Oz5sfmm03H8T010cqEKQVA4Jew=="
      },
      "MicroCom.CodeGenerator.MSBuild": {
        "type": "Transitive",
        "resolved": "0.11.0",
        "contentHash": "CiRuIIvycn7RqT7p72+JdJsw1/No/1nc0Vs45Qkbvkn/uryWU57dGAUaqy9p2trRDvbsRBdQgF1hWLNUpgUSQw=="
      },
      "MicroCom.Runtime": {
        "type": "Transitive",
        "resolved": "0.11.0",
        "contentHash": "MEnrZ3UIiH40hjzMDsxrTyi8dtqB5ziv3iBeeU4bXsL/7NLSal9F1lZKpK+tfBRnUoDSdtcW3KufE4yhATOMCA=="
      },
      "Microsoft.Bcl.AsyncInterfaces": {
        "type": "Transitive",
        "resolved": "6.0.0",
        "contentHash": "UcSjPsst+DfAdJGVDsu346FX0ci0ah+lw3WRtn18NUwEqRt70HaOQ7lI72vy3+1LxtqI3T5GWwV39rQSrCzAeg=="
      },
      "Microsoft.DotNet.PlatformAbstractions": {
        "type": "Transitive",
        "resolved": "3.1.6",
        "contentHash": "jek4XYaQ/PGUwDKKhwR8K47Uh1189PFzMeLqO83mXrXQVIpARZCcfuDedH50YDTepBkfijCZN5U/vZi++erxtg=="
      },
      "Microsoft.Extensions.Configuration.Abstractions": {
        "type": "Transitive",
        "resolved": "10.0.2",
        "contentHash": "KC5PslaTDnTuTvyke0KYAVBYdZ7IVTsU3JhHe69BpEbHLcj1YThP3bIGtZNOkZfast2AuLnul5lk4rZKxAdUGQ==",
        "dependencies": {
          "Microsoft.Extensions.Primitives": "10.0.2"
        }
      },
      "Microsoft.Extensions.Configuration.Binder": {
        "type": "Transitive",
        "resolved": "10.0.2",
        "contentHash": "/SdW50prUuenglSy7MXU3eVQkOk4/J4fjc+GIhv4NkTmaZOQyTqpVAYi8nRjNtOKHzCy7g5cSlOSgkbT7clLwQ==",
        "dependencies": {
          "Microsoft.Extensions.Configuration": "10.0.2",
          "Microsoft.Extensions.Configuration.Abstractions": "10.0.2"
        }
      },
      "Microsoft.Extensions.Configuration.FileExtensions": {
        "type": "Transitive",
        "resolved": "10.0.2",
        "contentHash": "6vStNVa/7hcT6VrYvVMGCWUl/QIKwNeQaSGnKw1E4RPpZbQbOjDsATCbrQUa0sFUs7LW8T9aZ2NBKttMz1+WuA==",
        "dependencies": {
          "Microsoft.Extensions.Configuration": "10.0.2",
          "Microsoft.Extensions.Configuration.Abstractions": "10.0.2",
          "Microsoft.Extensions.FileProviders.Abstractions": "10.0.2",
          "Microsoft.Extensions.FileProviders.Physical": "10.0.2",
          "Microsoft.Extensions.Primitives": "10.0.2"
        }
      },
      "Microsoft.Extensions.DependencyInjection.Abstractions": {
        "type": "Transitive",
        "resolved": "10.0.2",
        "contentHash": "zOIurr59+kUf9vNcsUkCvKWZv+fPosUZXURZesYkJCvl0EzTc9F7maAO4Cd2WEV7ZJJ0AZrFQvuH6Npph9wdBw=="
      },
      "Microsoft.Extensions.DependencyModel": {
        "type": "Transitive",
        "resolved": "9.0.9",
        "contentHash": "fNGvKct2De8ghm0Bpfq0iWthtzIWabgOTi+gJhNOPhNJIowXNEUE2eZNW/zNCzrHVA3PXg2yZ+3cWZndC2IqYA=="
      },
      "Microsoft.Extensions.FileProviders.Abstractions": {
        "type": "Transitive",
        "resolved": "10.0.2",
        "contentHash": "+r/eJ+slW/EmwWmH3En4gzRg1k6+yTqexoHBrMuz5fxsIKJA8MDiSGepjw/ko3XyNqg+w3dxQe+huoVXs5XDJw==",
        "dependencies": {
          "Microsoft.Extensions.Primitives": "10.0.2"
        }
      },
      "Microsoft.Extensions.FileProviders.Physical": {
        "type": "Transitive",
        "resolved": "10.0.2",
        "contentHash": "4+ypApaugtHIz5Q2Z3oC4+erDbOgy0HrMFYS3Nm3qmTXyqK7sU7LJWY9gci99Wcx6j7ivgk8kdCkgmvsA4t0Ow==",
        "dependencies": {
          "Microsoft.Extensions.FileProviders.Abstractions": "10.0.2",
          "Microsoft.Extensions.FileSystemGlobbing": "10.0.2",
          "Microsoft.Extensions.Primitives": "10.0.2"
        }
      },
      "Microsoft.Extensions.FileSystemGlobbing": {
        "type": "Transitive",
        "resolved": "10.0.2",
        "contentHash": "XozoMaWcFIv1tv0LDF+YMeZYjiNiNIewpNdZ3TEoVGf8ROrp0hVoEdUyUBsI8oYGM5U3Z5hiNEv0j2Z5COnMgg=="
      },
      "Microsoft.Extensions.Logging.Abstractions": {
        "type": "Transitive",
        "resolved": "10.0.2",
        "contentHash": "RZkez/JjpnO+MZ6efKkSynN6ZztLpw3WbxNzjLCPBd97wWj1S9ZYPWi0nmT4kWBRa6atHsdM1ydGkUr8GudyDQ==",
        "dependencies": {
          "Microsoft.Extensions.DependencyInjection.Abstractions": "10.0.2"
        }
      },
      "Microsoft.Extensions.Logging.Configuration": {
        "type": "Transitive",
        "resolved": "10.0.2",
        "contentHash": "XVtNJfLZVTDmQS5RCUjIr7QEAgGhJ3yQ0L3PduN7rE4aijmqYl0pIF09ZSU8jgnxml91Mw59ze220g8S7anaOg==",
        "dependencies": {
          "Microsoft.Extensions.Configuration": "10.0.2",
          "Microsoft.Extensions.Configuration.Abstractions": "10.0.2",
          "Microsoft.Extensions.Configuration.Binder": "10.0.2",
          "Microsoft.Extensions.DependencyInjection.Abstractions": "10.0.2",
          "Microsoft.Extensions.Logging": "10.0.2",
          "Microsoft.Extensions.Logging.Abstractions": "10.0.2",
          "Microsoft.Extensions.Options": "10.0.2",
          "Microsoft.Extensions.Options.ConfigurationExtensions": "10.0.2"
        }
      },
      "Microsoft.Extensions.Options": {
        "type": "Transitive",
        "resolved": "10.0.2",
        "contentHash": "1De2LJjmxdqopI5AYC5dIhoZQ79AR5ayywxNF1rXrXFtKQfbQOV9+n/IsZBa7qWlr0MqoGpW8+OY2v/57udZOA==",
        "dependencies": {
          "Microsoft.Extensions.DependencyInjection.Abstractions": "10.0.2",
          "Microsoft.Extensions.Primitives": "10.0.2"
        }
      },
      "Microsoft.Extensions.Options.ConfigurationExtensions": {
        "type": "Transitive",
        "resolved": "10.0.2",
        "contentHash": "8njGDg0OdDBM4Zox0ybuUOJZkQ8HcH49F+POZBlG+nsfzEyqOCHyHEkWeRVI62qsssiugUVEKqUttT1ZbV0aJQ==",
        "dependencies": {
          "Microsoft.Extensions.Configuration.Abstractions": "10.0.2",
          "Microsoft.Extensions.Configuration.Binder": "10.0.2",
          "Microsoft.Extensions.DependencyInjection.Abstractions": "10.0.2",
          "Microsoft.Extensions.Options": "10.0.2",
          "Microsoft.Extensions.Primitives": "10.0.2"
        }
      },
      "Microsoft.Extensions.Primitives": {
        "type": "Transitive",
        "resolved": "10.0.2",
        "contentHash": "QmSiO+oLBEooGgB3i0GRXyeYRDHjllqt3k365jwfZlYWhvSHA3UL2NEVV5m8aZa041eIlblo6KMI5txvTMpTwA=="
      },
      "NAudio.Asio": {
        "type": "Transitive",
        "resolved": "2.2.1",
        "contentHash": "hQglyOT5iT3XuGpBP8ZG0+aoqwRfidHjTNehpoWwX0g6KJEgtH2VaqM2nuJ2mheKZa/IBqB4YQTZVvrIapzfOA==",
        "dependencies": {
          "NAudio.Core": "2.2.1"
        }
      },
      "NAudio.Core": {
        "type": "Transitive",
        "resolved": "2.2.1",
        "contentHash": "GgkdP6K/7FqXFo7uHvoqGZTJvW4z8g2IffhOO4JHaLzKCdDOUEzVKtveoZkCuUX8eV2HAINqi7VFqlFndrnz/g=="
      },
      "NAudio.Midi": {
        "type": "Transitive",
        "resolved": "2.2.1",
        "contentHash": "6r23ylGo5aeP02WFXsPquz0T0hFJWyh+7t++tz19tc3Kr38NHm+Z9j+FiAv+xkH8tZqXJqus9Q8p6u7bidIgbw==",
        "dependencies": {
          "NAudio.Core": "2.2.1"
        }
      },
      "NAudio.Wasapi": {
        "type": "Transitive",
        "resolved": "2.2.1",
        "contentHash": "lFfXoqacZZe0WqNChJgGYI+XV/n/61LzPHT3C1CJp4khoxeo2sziyX5wzNYWeCMNbsWxFvT3b3iXeY1UYjBhZw==",
        "dependencies": {
          "NAudio.Core": "2.2.1"
        }
      },
      "NAudio.WinMM": {
        "type": "Transitive",
        "resolved": "2.2.1",
        "contentHash": "xFHRFwH4x6aq3IxRbewvO33ugJRvZFEOfO62i7uQJRUNW2cnu6BeBTHUS0JD5KBucZbHZaYqxQG8dwZ47ezQuQ==",
        "dependencies": {
          "NAudio.Core": "2.2.1"
        }
      },
      "Newtonsoft.Json": {
        "type": "Transitive",
        "resolved": "13.0.3",
        "contentHash": "HrC5BXdl00IP9zeV+0Z848QWPAoCr9P3bDEZguI+gkLcBKAOxix/tLEAAHC+UvDNPv4a2d18lOReHMOagPa+zQ=="
      },
      "ReactiveUI": {
        "type": "Transitive",
        "resolved": "18.3.1",
        "contentHash": "0tclGtjrRPfA2gbjiM7O3DeNmo6/TpDn7CMN6jgzDrbgrnysM7oEzjGEeXbtXaOxH6kEf6RiMKWobZoSgbBXhQ==",
        "dependencies": {
          "DynamicData": "7.9.5",
          "Splat": "14.4.1"
        }
      },
      "SharpCompress": {
        "type": "Transitive",
        "resolved": "0.36.0",
        "contentHash": "48am//T6Ou+GmyPmBaxaFN1ym0VNidRcBeANr9+OYTzpKRz8QMGzAkHVkCV30lFQ/gnWqGr50AuebahpG1C6xA==",
        "dependencies": {
          "ZstdSharp.Port": "0.7.4"
        }
      },
      "ShimSkiaSharp": {
        "type": "Transitive",
        "resolved": "2.0.0",
        "contentHash": "J+nzTe97Q19rzbCbTA8r6l1T89JP+XjMhaAOEHoE9FG7RiI/OkCuBY5JPlzNZoUYFXG3fBwlTMetPMkSCV8Kmw=="
      },
      "Silk.NET.Core": {
        "type": "Transitive",
        "resolved": "2.23.0",
        "contentHash": "D7AT/nnwlB+4RZ84XY8QNGBZMJI5z9l4CSSETIJ1wCfRJzRt/341y3MRZ4HbnFz4r/IGaWOEZr86iE+0/65yyQ==",
        "dependencies": {
          "Microsoft.DotNet.PlatformAbstractions": "3.1.6",
          "Microsoft.Extensions.DependencyModel": "9.0.9"
        }
      },
      "Silk.NET.Maths": {
        "type": "Transitive",
        "resolved": "2.23.0",
        "contentHash": "r8PdIVzME8EH0qAgbmRPO87I4GfgR2j8TofT7EMuRJDf1QluoQwnVypDoFJjQ2ZBSRsGYk5unYxxogI05Ogsmw=="
      },
      "SkiaSharp": {
        "type": "Transitive",
        "resolved": "2.88.9",
        "contentHash": "3MD5VHjXXieSHCleRLuaTXmL2pD0mB7CcOB1x2kA1I4bhptf4e3R27iM93264ZYuAq6mkUyX5XbcxnZvMJYc1Q==",
        "dependencies": {
          "SkiaSharp.NativeAssets.Win32": "2.88.9",
          "SkiaSharp.NativeAssets.macOS": "2.88.9"
        }
      },
      "SkiaSharp.NativeAssets.Linux": {
        "type": "Transitive",
        "resolved": "2.88.9",
        "contentHash": "cWSaJKVPWAaT/WIn9c8T5uT/l4ETwHxNJTkEOtNKjphNo8AW6TF9O32aRkxqw3l8GUdUo66Bu7EiqtFh/XG0Zg==",
        "dependencies": {
          "SkiaSharp": "2.88.9"
        }
      },
      "SkiaSharp.NativeAssets.macOS": {
        "type": "Transitive",
        "resolved": "2.88.9",
        "contentHash": "Nv5spmKc4505Ep7oUoJ5vp3KweFpeNqxpyGDWyeEPTX2uR6S6syXIm3gj75dM0YJz7NPvcix48mR5laqs8dPuA=="
      },
      "SkiaSharp.NativeAssets.WebAssembly": {
        "type": "Transitive",
        "resolved": "2.88.9",
        "contentHash": "kt06RccBHSnAs2wDYdBSfsjIDbY3EpsOVqnlDgKdgvyuRA8ZFDaHRdWNx1VHjGgYzmnFCGiTJBnXFl5BqGwGnA=="
      },
      "SkiaSharp.NativeAssets.Win32": {
        "type": "Transitive",
        "resolved": "2.88.9",
        "contentHash": "wb2kYgU7iy84nQLYZwMeJXixvK++GoIuECjU4ECaUKNuflyRlJKyiRhN1MAHswvlvzuvkrjRWlK0Za6+kYQK7w=="
      },
      "SkiaSharp.Svg": {
        "type": "Transitive",
        "resolved": "1.60.0",
        "contentHash": "rTneyM6mt0w2xCCampFlkO3mGFIwGEJo7L2X3JOdyeMCZDQkyqv7m9kZfA89kLSErXErFnY72TZsryzqTIiT7g==",
        "dependencies": {
          "SkiaSharp": "1.60.0"
        }
      },
      "Splat": {
        "type": "Transitive",
        "resolved": "14.4.1",
        "contentHash": "Z1Mncnzm9pNIaIbZ/EWH6x5ESnKsmAvu8HP4StBRw+yhz0lzE7LCbt22TNTPaFrYLYbYCbGQIc/61yuSnpLidg=="
      },
      "Svg.Custom": {
        "type": "Transitive",
        "resolved": "2.0.0",
        "contentHash": "YqPAdGu00Aru+VvO4BIKOSVWK+z8vciBhBtG6RSWL+wuIhhIM6OU9fw7bN1vti/oTWwfvaUmh0EKWxHKzzaotA==",
        "dependencies": {
          "ExCSS": "4.2.3"
        }
      },
      "Svg.Model": {
        "type": "Transitive",
        "resolved": "2.0.0",
        "contentHash": "YwdGhay2Wh2sc0WcoYlgiliajsf3utZMEXbm1Wu9LLpLk2rRVSA187p+xGs8pn2GYwLrjfBLWBevXTB4kxrzDg==",
        "dependencies": {
          "ShimSkiaSharp": "2.0.0",
          "Svg.Custom": "2.0.0"
        }
      },
      "System.ClientModel": {
        "type": "Transitive",
        "resolved": "1.1.0",
        "contentHash": "UocOlCkxLZrG2CKMAAImPcldJTxeesHnHGHwhJ0pNlZEvEXcWKuQvVOER2/NiOkJGRJk978SNdw3j6/7O9H1lg==",
        "dependencies": {
          "System.Memory.Data": "1.0.2"
        }
      },
      "System.Memory.Data": {
        "type": "Transitive",
        "resolved": "6.0.0",
        "contentHash": "ntFHArH3I4Lpjf5m4DCXQHJuGwWPNVJPaAvM95Jy/u+2Yzt2ryiyIN04LAogkjP9DeRcEOiviAjQotfmPq/FrQ=="
      },
      "System.Reactive": {
        "type": "Transitive",
        "resolved": "5.0.0",
        "contentHash": "erBZjkQHWL9jpasCE/0qKAryzVBJFxGHVBAvgRN1bzM0q2s1S4oYREEEL0Vb+1kA/6BKb5FjUZMp5VXmy+gzkQ=="
      },
      "Tmds.DBus.Protocol": {
        "type": "Transitive",
        "resolved": "0.21.2",
        "contentHash": "ScSMrUrrw8px4kK1Glh0fZv/HQUlg1078bNXNPfRPKQ3WbRzV9HpsydYEOgSoMK5LWICMf2bMwIFH0pGjxjcMA=="
      },
      "Ultz.Native.SDL": {
        "type": "Transitive",
        "resolved": "2.32.10",
        "contentHash": "XSm79DEYh48nrkof1QbBvC5XclBZnpcaTbjbSpMBUAT2qoZ8DwftI3+YEKkmLO3pYpSuPg9yhdPt2jbxyxQdHQ=="
      },
      "ZstdSharp.Port": {
        "type": "Transitive",
        "resolved": "0.7.4",
        "contentHash": "ziptnotpUJr51afwXJQ5Wc03dvDiZAdmxS08s1g7SHn/VzbyZUXdH6yORk/zaNjzUOEE6pVZ0Nqztab0rYROgQ=="
      },
      "avalonia.mcp.core": {
        "type": "Project",
        "dependencies": {
          "Avalonia": "[11.3.11, )",
          "Avalonia.Headless": "[11.3.11, )",
          "Microsoft.Extensions.DependencyInjection.Abstractions": "[10.0.2, )",
          "Microsoft.Extensions.Logging.Abstractions": "[10.0.2, )"
        }
      }
    },
    "net10.0/win-x64": {
      "Microsoft.CognitiveServices.Speech": {
        "type": "Direct",
        "requested": "[1.47.0, )",
        "resolved": "1.47.0",
        "contentHash": "gCEeM0AqC+c3nn5Fd27jN16+zWf0N9Fcil0dyveFGASBFEIx2OyEzMi4+hQqwWyr54uHkgfPTmApA9dQfeUwmg==",
        "dependencies": {
          "Azure.Core": "1.44.1"
        }
      },
      "Avalonia.Angle.Windows.Natives": {
        "type": "Transitive",
        "resolved": "2.1.25547.20250602",
        "contentHash": "ZL0VLc4s9rvNNFt19Pxm5UNAkmKNylugAwJPX9ulXZ6JWs/l6XZihPWWTyezaoNOVyEPU8YbURtW7XMAtqXH5A=="
      },
      "Avalonia.Native": {
        "type": "Transitive",
        "resolved": "11.3.11",
        "contentHash": "21XxwcOCYuf7fSYBsc4sF7CS0xNK80iDFyXyK9L4awnrjZOJjMuNSGiJ2L5+RQQkXnXaB8ECvMAWN3e/9WN3aw==",
        "dependencies": {
          "Avalonia": "11.3.11"
        }
      },
      "HarfBuzzSharp.NativeAssets.Linux": {
        "type": "Transitive",
        "resolved": "8.3.1.1",
        "contentHash": "3EZ1mpIiKWRLL5hUYA82ZHteeDIVaEA/Z0rA/wU6tjx6crcAkJnBPwDXZugBSfo8+J3EznvRJf49uMsqYfKrHg=="
      },
      "HarfBuzzSharp.NativeAssets.macOS": {
        "type": "Transitive",
        "resolved": "8.3.1.1",
        "contentHash": "jbtCsgftcaFLCA13tVKo5iWdElJScrulLTKJre36O4YQTIlwDtPPqhRZNk+Y0vv4D1gxbscasGRucUDfS44ofQ=="
      },
      "HarfBuzzSharp.NativeAssets.Win32": {
        "type": "Transitive",
        "resolved": "8.3.1.1",
        "contentHash": "UsJtQsfAJoFDZrXc4hCUfRPMqccfKZ0iumJ/upcUjz/cmsTgVFGNEL5yaJWmkqsuFYdMWbj/En5/kS4PFl9hBA=="
      },
      "SkiaSharp.NativeAssets.Linux": {
        "type": "Transitive",
        "resolved": "2.88.9",
        "contentHash": "cWSaJKVPWAaT/WIn9c8T5uT/l4ETwHxNJTkEOtNKjphNo8AW6TF9O32aRkxqw3l8GUdUo66Bu7EiqtFh/XG0Zg==",
        "dependencies": {
          "SkiaSharp": "2.88.9"
        }
      },
      "SkiaSharp.NativeAssets.macOS": {
        "type": "Transitive",
        "resolved": "2.88.9",
        "contentHash": "Nv5spmKc4505Ep7oUoJ5vp3KweFpeNqxpyGDWyeEPTX2uR6S6syXIm3gj75dM0YJz7NPvcix48mR5laqs8dPuA=="
      },
      "SkiaSharp.NativeAssets.Win32": {
        "type": "Transitive",
        "resolved": "2.88.9",
        "contentHash": "wb2kYgU7iy84nQLYZwMeJXixvK++GoIuECjU4ECaUKNuflyRlJKyiRhN1MAHswvlvzuvkrjRWlK0Za6+kYQK7w=="
      },
      "Ultz.Native.SDL": {
        "type": "Transitive",
        "resolved": "2.32.10",
        "contentHash": "XSm79DEYh48nrkof1QbBvC5XclBZnpcaTbjbSpMBUAT2qoZ8DwftI3+YEKkmLO3pYpSuPg9yhdPt2jbxyxQdHQ=="
      }
    }
  }
}